// !$*UTF8*$!
{
	archiveVersion = 1;
	classes = {
	};
	objectVersion = 46;
	objects = {

/* Begin PBXBuildFile section */
		38EFE439EDD699DEBDEAF6DD /* libPods.a in Frameworks */ = {isa = PBXBuildFile; fileRef = DB0F460A5A3087D2C05255D7 /* libPods.a */; };
		3A050A541C76EE32003D8FE8 /* UIImage+SCImage.m in Sources */ = {isa = PBXBuildFile; fileRef = 3A050A531C76EE32003D8FE8 /* UIImage+SCImage.m */; };
		3A17A5871C55BB1300E160D0 /* OrganizationTableViewController.m in Sources */ = {isa = PBXBuildFile; fileRef = 3A17A5861C55BB1300E160D0 /* OrganizationTableViewController.m */; };
		3A17A58A1C55BBBE00E160D0 /* FoldTableViewCell.m in Sources */ = {isa = PBXBuildFile; fileRef = 3A17A5891C55BBBE00E160D0 /* FoldTableViewCell.m */; };
		3A17A5901C55BF8600E160D0 /* TitleView.m in Sources */ = {isa = PBXBuildFile; fileRef = 3A17A58F1C55BF8600E160D0 /* TitleView.m */; };
		3A17A5951C55C72600E160D0 /* FoldInfo.m in Sources */ = {isa = PBXBuildFile; fileRef = 3A17A5941C55C72600E160D0 /* FoldInfo.m */; };
		3A19E9201C74703B0039A57F /* ApiManager+Service.m in Sources */ = {isa = PBXBuildFile; fileRef = 3A19E91F1C74703B0039A57F /* ApiManager+Service.m */; };
		3A19E9261C7474DB0039A57F /* AddressTableViewController.m in Sources */ = {isa = PBXBuildFile; fileRef = 3A19E9251C7474DB0039A57F /* AddressTableViewController.m */; };
		3A19E92C1C7476B60039A57F /* AddressTableViewCell.m in Sources */ = {isa = PBXBuildFile; fileRef = 3A19E92B1C7476B60039A57F /* AddressTableViewCell.m */; };
		3A2736A81C5610F700AEFDD6 /* ProfileViewController.m in Sources */ = {isa = PBXBuildFile; fileRef = 3A2736A71C5610F700AEFDD6 /* ProfileViewController.m */; };
		3A2736AB1C5613A000AEFDD6 /* ProFoldTableViewController.m in Sources */ = {isa = PBXBuildFile; fileRef = 3A2736AA1C5613A000AEFDD6 /* ProFoldTableViewController.m */; };
		3A2736AE1C5613CC00AEFDD6 /* ProReportTableViewController.m in Sources */ = {isa = PBXBuildFile; fileRef = 3A2736AD1C5613CC00AEFDD6 /* ProReportTableViewController.m */; };
		3A29A75E1C5AF15E005AD06B /* ApiManager+Profile.m in Sources */ = {isa = PBXBuildFile; fileRef = 3A29A75D1C5AF15E005AD06B /* ApiManager+Profile.m */; };
		3A29A7611C5B10B5005AD06B /* ApiManager+Photo.m in Sources */ = {isa = PBXBuildFile; fileRef = 3A29A7601C5B10B5005AD06B /* ApiManager+Photo.m */; };
		3A29A7641C5B3ECD005AD06B /* ApiManager+GovFile.m in Sources */ = {isa = PBXBuildFile; fileRef = 3A29A7631C5B3ECD005AD06B /* ApiManager+GovFile.m */; };
		3A29A7671C5B463C005AD06B /* ApiManager+Leader.m in Sources */ = {isa = PBXBuildFile; fileRef = 3A29A7661C5B463C005AD06B /* ApiManager+Leader.m */; };
		3A29A76A1C5B584F005AD06B /* ApiManager+GovAffairs.m in Sources */ = {isa = PBXBuildFile; fileRef = 3A29A7691C5B584F005AD06B /* ApiManager+GovAffairs.m */; };
		3A327E1C1C87D53F00F025B2 /* SCVersionHelper.m in Sources */ = {isa = PBXBuildFile; fileRef = 3A327E1B1C87D53F00F025B2 /* SCVersionHelper.m */; };
		3A33A0F71C7D39F8009CD02D /* GovAffairsViewController.m in Sources */ = {isa = PBXBuildFile; fileRef = 3A33A0F61C7D39F8009CD02D /* GovAffairsViewController.m */; };
		3A33A0FA1C7D5686009CD02D /* ApiManager+Push.m in Sources */ = {isa = PBXBuildFile; fileRef = 3A33A0F91C7D5686009CD02D /* ApiManager+Push.m */; };
		3A3D604B1C584F3B00B03D40 /* GovInfoTableViewController.m in Sources */ = {isa = PBXBuildFile; fileRef = 3A3D604A1C584F3B00B03D40 /* GovInfoTableViewController.m */; };
		3A3D604E1C5856D300B03D40 /* ActivityTableViewController.m in Sources */ = {isa = PBXBuildFile; fileRef = 3A3D604D1C5856D300B03D40 /* ActivityTableViewController.m */; };
		3A3D60541C586FCA00B03D40 /* UIColor+SCColor.m in Sources */ = {isa = PBXBuildFile; fileRef = 3A3D60531C586FCA00B03D40 /* UIColor+SCColor.m */; };
		3A3D60571C5896FD00B03D40 /* ArticlesViewController.m in Sources */ = {isa = PBXBuildFile; fileRef = 3A3D60561C5896FD00B03D40 /* ArticlesViewController.m */; };
		3A3D605A1C589A9200B03D40 /* ArticlesViewHelper.m in Sources */ = {isa = PBXBuildFile; fileRef = 3A3D60591C589A9200B03D40 /* ArticlesViewHelper.m */; };
		3A3D605D1C589D4600B03D40 /* SCBackItem.m in Sources */ = {isa = PBXBuildFile; fileRef = 3A3D605C1C589D4600B03D40 /* SCBackItem.m */; };
		3A3D60781C58A45100B03D40 /* ApiManager.m in Sources */ = {isa = PBXBuildFile; fileRef = 3A3D60771C58A45100B03D40 /* ApiManager.m */; };
		3A3D607E1C58B0BE00B03D40 /* ApiManager+Focus.m in Sources */ = {isa = PBXBuildFile; fileRef = 3A3D607D1C58B0BE00B03D40 /* ApiManager+Focus.m */; };
		3A625D7F1C8527D800F44C28 /* Security.framework in Frameworks */ = {isa = PBXBuildFile; fileRef = 3A625D7E1C8527D700F44C28 /* Security.framework */; };
		3A625D811C8527E300F44C28 /* libz.1.2.5.tbd in Frameworks */ = {isa = PBXBuildFile; fileRef = 3A625D801C8527E300F44C28 /* libz.1.2.5.tbd */; };
		3A625D831C85280500F44C28 /* CoreText.framework in Frameworks */ = {isa = PBXBuildFile; fileRef = 3A625D821C85280500F44C28 /* CoreText.framework */; };
		3A625DA71C852AB900F44C28 /* ShareSDK.framework in Frameworks */ = {isa = PBXBuildFile; fileRef = 3A625D851C852AB900F44C28 /* ShareSDK.framework */; };
		3A625DA81C852AB900F44C28 /* ShareSDKExtension.framework in Frameworks */ = {isa = PBXBuildFile; fileRef = 3A625D881C852AB900F44C28 /* ShareSDKExtension.framework */; };
		3A625DA91C852AB900F44C28 /* ShareSDKUI.bundle in Resources */ = {isa = PBXBuildFile; fileRef = 3A625D891C852AB900F44C28 /* ShareSDKUI.bundle */; };
		3A625DAA1C852AB900F44C28 /* ShareSDKUI.framework in Frameworks */ = {isa = PBXBuildFile; fileRef = 3A625D8A1C852AB900F44C28 /* ShareSDKUI.framework */; };
		3A625DAB1C852AB900F44C28 /* TencentOpenAPI.framework in Frameworks */ = {isa = PBXBuildFile; fileRef = 3A625D8D1C852AB900F44C28 /* TencentOpenAPI.framework */; };
		3A625DAC1C852AB900F44C28 /* TencentOpenApi_IOS_Bundle.bundle in Resources */ = {isa = PBXBuildFile; fileRef = 3A625D8E1C852AB900F44C28 /* TencentOpenApi_IOS_Bundle.bundle */; };
		3A625DAD1C852AB900F44C28 /* libWeiboSDK.a in Frameworks */ = {isa = PBXBuildFile; fileRef = 3A625D901C852AB900F44C28 /* libWeiboSDK.a */; };
		3A625DAE1C852AB900F44C28 /* WeiboSDK.bundle in Resources */ = {isa = PBXBuildFile; fileRef = 3A625D9A1C852AB900F44C28 /* WeiboSDK.bundle */; };
		3A625DAF1C852AB900F44C28 /* libWeChatSDK.a in Frameworks */ = {isa = PBXBuildFile; fileRef = 3A625D9E1C852AB900F44C28 /* libWeChatSDK.a */; };
		3A625DB01C852AB900F44C28 /* read_me.txt in Resources */ = {isa = PBXBuildFile; fileRef = 3A625D9F1C852AB900F44C28 /* read_me.txt */; };
		3A625DB11C852AB900F44C28 /* MOBFoundation.framework in Frameworks */ = {isa = PBXBuildFile; fileRef = 3A625DA41C852AB900F44C28 /* MOBFoundation.framework */; };
		3A625DB21C852AB900F44C28 /* ShareSDK.bundle in Resources */ = {isa = PBXBuildFile; fileRef = 3A625DA51C852AB900F44C28 /* ShareSDK.bundle */; };
		3A625DB31C852AB900F44C28 /* ShareSDKConnector.framework in Frameworks */ = {isa = PBXBuildFile; fileRef = 3A625DA61C852AB900F44C28 /* ShareSDKConnector.framework */; };
		3A625DB51C8539F500F44C28 /* JavaScriptCore.framework in Frameworks */ = {isa = PBXBuildFile; fileRef = 3A625DB41C8539F500F44C28 /* JavaScriptCore.framework */; };
		3A718FB11C5F482B00185B66 /* SCNoteHelper.m in Sources */ = {isa = PBXBuildFile; fileRef = 3A718FB01C5F482B00185B66 /* SCNoteHelper.m */; };
		3A7753DE1C83E19300B68339 /* QuartzCore.framework in Frameworks */ = {isa = PBXBuildFile; fileRef = 3A7753DD1C83E19300B68339 /* QuartzCore.framework */; };
		3A7753E01C83E1A600B68339 /* libicucore.tbd in Frameworks */ = {isa = PBXBuildFile; fileRef = 3A7753DF1C83E1A600B68339 /* libicucore.tbd */; };
		3A7753E21C83E1C900B68339 /* libstdc++.tbd in Frameworks */ = {isa = PBXBuildFile; fileRef = 3A7753E11C83E1C900B68339 /* libstdc++.tbd */; };
		3A7753E31C83E1D800B68339 /* libsqlite3.tbd in Frameworks */ = {isa = PBXBuildFile; fileRef = 3AF124B31C7BF97600314784 /* libsqlite3.tbd */; };
		3A7FBB231C856CD000F96313 /* ApiManager+Version.m in Sources */ = {isa = PBXBuildFile; fileRef = 3A7FBB221C856CD000F96313 /* ApiManager+Version.m */; };
		3A7FE41F1C75AF0B00A76B7E /* NSString+SCString.m in Sources */ = {isa = PBXBuildFile; fileRef = 3A7FE41E1C75AF0B00A76B7E /* NSString+SCString.m */; };
		3A897FF81C7563FB00A94366 /* MapViewController.m in Sources */ = {isa = PBXBuildFile; fileRef = 3A897FF71C7563FB00A94366 /* MapViewController.m */; };
		3AA3416C1C59B0F40084F94B /* SCCompareHelper.m in Sources */ = {isa = PBXBuildFile; fileRef = 3AA3416B1C59B0F40084F94B /* SCCompareHelper.m */; };
		3AD193481C7C3D2F00A471F5 /* SCDeviceHelper.m in Sources */ = {isa = PBXBuildFile; fileRef = 3AD193471C7C3D2F00A471F5 /* SCDeviceHelper.m */; };
		3AD1934E1C7C4A6700A471F5 /* ClassifyCell.m in Sources */ = {isa = PBXBuildFile; fileRef = 3AD1934D1C7C4A6700A471F5 /* ClassifyCell.m */; };
		3AD193511C7C4C5C00A471F5 /* OverViewController.m in Sources */ = {isa = PBXBuildFile; fileRef = 3AD193501C7C4C5C00A471F5 /* OverViewController.m */; };
		3AD193571C7C566C00A471F5 /* OtherViewController.m in Sources */ = {isa = PBXBuildFile; fileRef = 3AD193561C7C566C00A471F5 /* OtherViewController.m */; };
		3AE3AFC31C51CC07006D3EA9 /* FileTableViewController.m in Sources */ = {isa = PBXBuildFile; fileRef = 3AE3AFC21C51CC07006D3EA9 /* FileTableViewController.m */; };
		3AE3AFC61C51CC63006D3EA9 /* FileTableViewCell.m in Sources */ = {isa = PBXBuildFile; fileRef = 3AE3AFC51C51CC63006D3EA9 /* FileTableViewCell.m */; };
		3AE3AFD21C51F5B9006D3EA9 /* LeaderTableViewController.m in Sources */ = {isa = PBXBuildFile; fileRef = 3AE3AFD11C51F5B9006D3EA9 /* LeaderTableViewController.m */; };
		3AE3AFD51C51F63D006D3EA9 /* LeaderTableViewCell.m in Sources */ = {isa = PBXBuildFile; fileRef = 3AE3AFD41C51F63D006D3EA9 /* LeaderTableViewCell.m */; };
		3AE3AFD91C5200FE006D3EA9 /* PictureTableViewController.m in Sources */ = {isa = PBXBuildFile; fileRef = 3AE3AFD81C5200FE006D3EA9 /* PictureTableViewController.m */; };
		3AE3AFDD1C5211DA006D3EA9 /* ServiceViewController.m in Sources */ = {isa = PBXBuildFile; fileRef = 3AE3AFDC1C5211DA006D3EA9 /* ServiceViewController.m */; };
		3AFFE30F1C50691900FB6F84 /* main.m in Sources */ = {isa = PBXBuildFile; fileRef = 3AFFE30E1C50691900FB6F84 /* main.m */; };
		3AFFE3121C50691900FB6F84 /* AppDelegate.m in Sources */ = {isa = PBXBuildFile; fileRef = 3AFFE3111C50691900FB6F84 /* AppDelegate.m */; };
		3AFFE3181C50691900FB6F84 /* Main.storyboard in Resources */ = {isa = PBXBuildFile; fileRef = 3AFFE3161C50691900FB6F84 /* Main.storyboard */; };
		3AFFE31A1C50691900FB6F84 /* Assets.xcassets in Resources */ = {isa = PBXBuildFile; fileRef = 3AFFE3191C50691900FB6F84 /* Assets.xcassets */; };
		3AFFE31D1C50691900FB6F84 /* LaunchScreen.storyboard in Resources */ = {isa = PBXBuildFile; fileRef = 3AFFE31B1C50691900FB6F84 /* LaunchScreen.storyboard */; };
		3AFFE3281C50691900FB6F84 /* sichuanTests.m in Sources */ = {isa = PBXBuildFile; fileRef = 3AFFE3271C50691900FB6F84 /* sichuanTests.m */; };
		3AFFE3331C50691900FB6F84 /* sichuanUITests.m in Sources */ = {isa = PBXBuildFile; fileRef = 3AFFE3321C50691900FB6F84 /* sichuanUITests.m */; };
		3AFFE3421C50710500FB6F84 /* RootViewController.m in Sources */ = {isa = PBXBuildFile; fileRef = 3AFFE3411C50710500FB6F84 /* RootViewController.m */; };
		3AFFE3451C5074AD00FB6F84 /* ContentViewController.m in Sources */ = {isa = PBXBuildFile; fileRef = 3AFFE3441C5074AD00FB6F84 /* ContentViewController.m */; };
		3AFFE34C1C5079C200FB6F84 /* MenuSegment.m in Sources */ = {isa = PBXBuildFile; fileRef = 3AFFE34B1C5079C200FB6F84 /* MenuSegment.m */; };
		3AFFE34F1C50B1ED00FB6F84 /* FocusTableViewController.m in Sources */ = {isa = PBXBuildFile; fileRef = 3AFFE34E1C50B1ED00FB6F84 /* FocusTableViewController.m */; };
		3AFFE3521C50B70E00FB6F84 /* BlodTableViewCell.m in Sources */ = {isa = PBXBuildFile; fileRef = 3AFFE3511C50B70E00FB6F84 /* BlodTableViewCell.m */; };
		3AFFE3551C50B8B700FB6F84 /* ContentTableViewCell.m in Sources */ = {isa = PBXBuildFile; fileRef = 3AFFE3541C50B8B700FB6F84 /* ContentTableViewCell.m */; };
		3AFFE35D1C50DF4E00FB6F84 /* Information.plist in Resources */ = {isa = PBXBuildFile; fileRef = 3AFFE35C1C50DF4E00FB6F84 /* Information.plist */; };
/* End PBXBuildFile section */

/* Begin PBXContainerItemProxy section */
		3AFFE3241C50691900FB6F84 /* PBXContainerItemProxy */ = {
			isa = PBXContainerItemProxy;
			containerPortal = 3AFFE3021C50691800FB6F84 /* Project object */;
			proxyType = 1;
			remoteGlobalIDString = 3AFFE3091C50691900FB6F84;
			remoteInfo = sichuan;
		};
		3AFFE32F1C50691900FB6F84 /* PBXContainerItemProxy */ = {
			isa = PBXContainerItemProxy;
			containerPortal = 3AFFE3021C50691800FB6F84 /* Project object */;
			proxyType = 1;
			remoteGlobalIDString = 3AFFE3091C50691900FB6F84;
			remoteInfo = sichuan;
		};
/* End PBXContainerItemProxy section */

/* Begin PBXFileReference section */
		3A050A521C76EE32003D8FE8 /* UIImage+SCImage.h */ = {isa = PBXFileReference; fileEncoding = 4; lastKnownFileType = sourcecode.c.h; path = "UIImage+SCImage.h"; sourceTree = "<group>"; };
		3A050A531C76EE32003D8FE8 /* UIImage+SCImage.m */ = {isa = PBXFileReference; fileEncoding = 4; lastKnownFileType = sourcecode.c.objc; path = "UIImage+SCImage.m"; sourceTree = "<group>"; };
		3A17A5851C55BB1300E160D0 /* OrganizationTableViewController.h */ = {isa = PBXFileReference; fileEncoding = 4; lastKnownFileType = sourcecode.c.h; path = OrganizationTableViewController.h; sourceTree = "<group>"; };
		3A17A5861C55BB1300E160D0 /* OrganizationTableViewController.m */ = {isa = PBXFileReference; fileEncoding = 4; lastKnownFileType = sourcecode.c.objc; path = OrganizationTableViewController.m; sourceTree = "<group>"; };
		3A17A5881C55BBBE00E160D0 /* FoldTableViewCell.h */ = {isa = PBXFileReference; fileEncoding = 4; lastKnownFileType = sourcecode.c.h; path = FoldTableViewCell.h; sourceTree = "<group>"; };
		3A17A5891C55BBBE00E160D0 /* FoldTableViewCell.m */ = {isa = PBXFileReference; fileEncoding = 4; lastKnownFileType = sourcecode.c.objc; path = FoldTableViewCell.m; sourceTree = "<group>"; };
		3A17A58E1C55BF8600E160D0 /* TitleView.h */ = {isa = PBXFileReference; fileEncoding = 4; lastKnownFileType = sourcecode.c.h; path = TitleView.h; sourceTree = "<group>"; };
		3A17A58F1C55BF8600E160D0 /* TitleView.m */ = {isa = PBXFileReference; fileEncoding = 4; lastKnownFileType = sourcecode.c.objc; path = TitleView.m; sourceTree = "<group>"; };
		3A17A5931C55C72600E160D0 /* FoldInfo.h */ = {isa = PBXFileReference; fileEncoding = 4; lastKnownFileType = sourcecode.c.h; path = FoldInfo.h; sourceTree = "<group>"; };
		3A17A5941C55C72600E160D0 /* FoldInfo.m */ = {isa = PBXFileReference; fileEncoding = 4; lastKnownFileType = sourcecode.c.objc; path = FoldInfo.m; sourceTree = "<group>"; };
		3A19E91E1C74703B0039A57F /* ApiManager+Service.h */ = {isa = PBXFileReference; fileEncoding = 4; lastKnownFileType = sourcecode.c.h; path = "ApiManager+Service.h"; sourceTree = "<group>"; };
		3A19E91F1C74703B0039A57F /* ApiManager+Service.m */ = {isa = PBXFileReference; fileEncoding = 4; lastKnownFileType = sourcecode.c.objc; path = "ApiManager+Service.m"; sourceTree = "<group>"; };
		3A19E9241C7474DB0039A57F /* AddressTableViewController.h */ = {isa = PBXFileReference; fileEncoding = 4; lastKnownFileType = sourcecode.c.h; path = AddressTableViewController.h; sourceTree = "<group>"; };
		3A19E9251C7474DB0039A57F /* AddressTableViewController.m */ = {isa = PBXFileReference; fileEncoding = 4; lastKnownFileType = sourcecode.c.objc; path = AddressTableViewController.m; sourceTree = "<group>"; };
		3A19E92A1C7476B60039A57F /* AddressTableViewCell.h */ = {isa = PBXFileReference; fileEncoding = 4; lastKnownFileType = sourcecode.c.h; path = AddressTableViewCell.h; sourceTree = "<group>"; };
		3A19E92B1C7476B60039A57F /* AddressTableViewCell.m */ = {isa = PBXFileReference; fileEncoding = 4; lastKnownFileType = sourcecode.c.objc; path = AddressTableViewCell.m; sourceTree = "<group>"; };
		3A2736A71C5610F700AEFDD6 /* ProfileViewController.m */ = {isa = PBXFileReference; fileEncoding = 4; lastKnownFileType = sourcecode.c.objc; path = ProfileViewController.m; sourceTree = "<group>"; };
		3A2736A91C5613A000AEFDD6 /* ProFoldTableViewController.h */ = {isa = PBXFileReference; fileEncoding = 4; lastKnownFileType = sourcecode.c.h; path = ProFoldTableViewController.h; sourceTree = "<group>"; };
		3A2736AA1C5613A000AEFDD6 /* ProFoldTableViewController.m */ = {isa = PBXFileReference; fileEncoding = 4; lastKnownFileType = sourcecode.c.objc; path = ProFoldTableViewController.m; sourceTree = "<group>"; };
		3A2736AC1C5613CC00AEFDD6 /* ProReportTableViewController.h */ = {isa = PBXFileReference; fileEncoding = 4; lastKnownFileType = sourcecode.c.h; path = ProReportTableViewController.h; sourceTree = "<group>"; };
		3A2736AD1C5613CC00AEFDD6 /* ProReportTableViewController.m */ = {isa = PBXFileReference; fileEncoding = 4; lastKnownFileType = sourcecode.c.objc; path = ProReportTableViewController.m; sourceTree = "<group>"; };
		3A29A75C1C5AF15E005AD06B /* ApiManager+Profile.h */ = {isa = PBXFileReference; fileEncoding = 4; lastKnownFileType = sourcecode.c.h; path = "ApiManager+Profile.h"; sourceTree = "<group>"; };
		3A29A75D1C5AF15E005AD06B /* ApiManager+Profile.m */ = {isa = PBXFileReference; fileEncoding = 4; lastKnownFileType = sourcecode.c.objc; path = "ApiManager+Profile.m"; sourceTree = "<group>"; };
		3A29A75F1C5B10B5005AD06B /* ApiManager+Photo.h */ = {isa = PBXFileReference; fileEncoding = 4; lastKnownFileType = sourcecode.c.h; path = "ApiManager+Photo.h"; sourceTree = "<group>"; };
		3A29A7601C5B10B5005AD06B /* ApiManager+Photo.m */ = {isa = PBXFileReference; fileEncoding = 4; lastKnownFileType = sourcecode.c.objc; path = "ApiManager+Photo.m"; sourceTree = "<group>"; };
		3A29A7621C5B3ECD005AD06B /* ApiManager+GovFile.h */ = {isa = PBXFileReference; fileEncoding = 4; lastKnownFileType = sourcecode.c.h; path = "ApiManager+GovFile.h"; sourceTree = "<group>"; };
		3A29A7631C5B3ECD005AD06B /* ApiManager+GovFile.m */ = {isa = PBXFileReference; fileEncoding = 4; lastKnownFileType = sourcecode.c.objc; path = "ApiManager+GovFile.m"; sourceTree = "<group>"; };
		3A29A7651C5B463C005AD06B /* ApiManager+Leader.h */ = {isa = PBXFileReference; fileEncoding = 4; lastKnownFileType = sourcecode.c.h; path = "ApiManager+Leader.h"; sourceTree = "<group>"; };
		3A29A7661C5B463C005AD06B /* ApiManager+Leader.m */ = {isa = PBXFileReference; fileEncoding = 4; lastKnownFileType = sourcecode.c.objc; path = "ApiManager+Leader.m"; sourceTree = "<group>"; };
		3A29A7681C5B584F005AD06B /* ApiManager+GovAffairs.h */ = {isa = PBXFileReference; fileEncoding = 4; lastKnownFileType = sourcecode.c.h; path = "ApiManager+GovAffairs.h"; sourceTree = "<group>"; };
		3A29A7691C5B584F005AD06B /* ApiManager+GovAffairs.m */ = {isa = PBXFileReference; fileEncoding = 4; lastKnownFileType = sourcecode.c.objc; path = "ApiManager+GovAffairs.m"; sourceTree = "<group>"; };
		3A327E1A1C87D53F00F025B2 /* SCVersionHelper.h */ = {isa = PBXFileReference; fileEncoding = 4; lastKnownFileType = sourcecode.c.h; path = SCVersionHelper.h; sourceTree = "<group>"; };
		3A327E1B1C87D53F00F025B2 /* SCVersionHelper.m */ = {isa = PBXFileReference; fileEncoding = 4; lastKnownFileType = sourcecode.c.objc; path = SCVersionHelper.m; sourceTree = "<group>"; };
		3A33A0F51C7D39F8009CD02D /* GovAffairsViewController.h */ = {isa = PBXFileReference; fileEncoding = 4; lastKnownFileType = sourcecode.c.h; path = GovAffairsViewController.h; sourceTree = "<group>"; };
		3A33A0F61C7D39F8009CD02D /* GovAffairsViewController.m */ = {isa = PBXFileReference; fileEncoding = 4; lastKnownFileType = sourcecode.c.objc; path = GovAffairsViewController.m; sourceTree = "<group>"; };
		3A33A0F81C7D5686009CD02D /* ApiManager+Push.h */ = {isa = PBXFileReference; fileEncoding = 4; lastKnownFileType = sourcecode.c.h; path = "ApiManager+Push.h"; sourceTree = "<group>"; };
		3A33A0F91C7D5686009CD02D /* ApiManager+Push.m */ = {isa = PBXFileReference; fileEncoding = 4; lastKnownFileType = sourcecode.c.objc; path = "ApiManager+Push.m"; sourceTree = "<group>"; };
		3A3D60491C584F3B00B03D40 /* GovInfoTableViewController.h */ = {isa = PBXFileReference; fileEncoding = 4; lastKnownFileType = sourcecode.c.h; path = GovInfoTableViewController.h; sourceTree = "<group>"; };
		3A3D604A1C584F3B00B03D40 /* GovInfoTableViewController.m */ = {isa = PBXFileReference; fileEncoding = 4; lastKnownFileType = sourcecode.c.objc; path = GovInfoTableViewController.m; sourceTree = "<group>"; };
		3A3D604C1C5856D300B03D40 /* ActivityTableViewController.h */ = {isa = PBXFileReference; fileEncoding = 4; lastKnownFileType = sourcecode.c.h; path = ActivityTableViewController.h; sourceTree = "<group>"; };
		3A3D604D1C5856D300B03D40 /* ActivityTableViewController.m */ = {isa = PBXFileReference; fileEncoding = 4; lastKnownFileType = sourcecode.c.objc; path = ActivityTableViewController.m; sourceTree = "<group>"; };
		3A3D60521C586FCA00B03D40 /* UIColor+SCColor.h */ = {isa = PBXFileReference; fileEncoding = 4; lastKnownFileType = sourcecode.c.h; path = "UIColor+SCColor.h"; sourceTree = "<group>"; };
		3A3D60531C586FCA00B03D40 /* UIColor+SCColor.m */ = {isa = PBXFileReference; fileEncoding = 4; lastKnownFileType = sourcecode.c.objc; path = "UIColor+SCColor.m"; sourceTree = "<group>"; };
		3A3D60551C5896FD00B03D40 /* ArticlesViewController.h */ = {isa = PBXFileReference; fileEncoding = 4; lastKnownFileType = sourcecode.c.h; path = ArticlesViewController.h; sourceTree = "<group>"; };
		3A3D60561C5896FD00B03D40 /* ArticlesViewController.m */ = {isa = PBXFileReference; fileEncoding = 4; lastKnownFileType = sourcecode.c.objc; path = ArticlesViewController.m; sourceTree = "<group>"; };
		3A3D60581C589A9200B03D40 /* ArticlesViewHelper.h */ = {isa = PBXFileReference; fileEncoding = 4; lastKnownFileType = sourcecode.c.h; path = ArticlesViewHelper.h; sourceTree = "<group>"; };
		3A3D60591C589A9200B03D40 /* ArticlesViewHelper.m */ = {isa = PBXFileReference; fileEncoding = 4; lastKnownFileType = sourcecode.c.objc; path = ArticlesViewHelper.m; sourceTree = "<group>"; };
		3A3D605B1C589D4600B03D40 /* SCBackItem.h */ = {isa = PBXFileReference; fileEncoding = 4; lastKnownFileType = sourcecode.c.h; path = SCBackItem.h; sourceTree = "<group>"; };
		3A3D605C1C589D4600B03D40 /* SCBackItem.m */ = {isa = PBXFileReference; fileEncoding = 4; lastKnownFileType = sourcecode.c.objc; path = SCBackItem.m; sourceTree = "<group>"; };
		3A3D60761C58A45100B03D40 /* ApiManager.h */ = {isa = PBXFileReference; fileEncoding = 4; lastKnownFileType = sourcecode.c.h; path = ApiManager.h; sourceTree = "<group>"; };
		3A3D60771C58A45100B03D40 /* ApiManager.m */ = {isa = PBXFileReference; fileEncoding = 4; lastKnownFileType = sourcecode.c.objc; path = ApiManager.m; sourceTree = "<group>"; };
		3A3D607C1C58B0BE00B03D40 /* ApiManager+Focus.h */ = {isa = PBXFileReference; fileEncoding = 4; lastKnownFileType = sourcecode.c.h; path = "ApiManager+Focus.h"; sourceTree = "<group>"; };
		3A3D607D1C58B0BE00B03D40 /* ApiManager+Focus.m */ = {isa = PBXFileReference; fileEncoding = 4; lastKnownFileType = sourcecode.c.objc; path = "ApiManager+Focus.m"; sourceTree = "<group>"; };
		3A625D7E1C8527D700F44C28 /* Security.framework */ = {isa = PBXFileReference; lastKnownFileType = wrapper.framework; name = Security.framework; path = System/Library/Frameworks/Security.framework; sourceTree = SDKROOT; };
		3A625D801C8527E300F44C28 /* libz.1.2.5.tbd */ = {isa = PBXFileReference; lastKnownFileType = "sourcecode.text-based-dylib-definition"; name = libz.1.2.5.tbd; path = usr/lib/libz.1.2.5.tbd; sourceTree = SDKROOT; };
		3A625D821C85280500F44C28 /* CoreText.framework */ = {isa = PBXFileReference; lastKnownFileType = wrapper.framework; name = CoreText.framework; path = System/Library/Frameworks/CoreText.framework; sourceTree = SDKROOT; };
		3A625D851C852AB900F44C28 /* ShareSDK.framework */ = {isa = PBXFileReference; lastKnownFileType = wrapper.framework; path = ShareSDK.framework; sourceTree = "<group>"; };
		3A625D881C852AB900F44C28 /* ShareSDKExtension.framework */ = {isa = PBXFileReference; lastKnownFileType = wrapper.framework; path = ShareSDKExtension.framework; sourceTree = "<group>"; };
		3A625D891C852AB900F44C28 /* ShareSDKUI.bundle */ = {isa = PBXFileReference; lastKnownFileType = "wrapper.plug-in"; path = ShareSDKUI.bundle; sourceTree = "<group>"; };
		3A625D8A1C852AB900F44C28 /* ShareSDKUI.framework */ = {isa = PBXFileReference; lastKnownFileType = wrapper.framework; path = ShareSDKUI.framework; sourceTree = "<group>"; };
		3A625D8D1C852AB900F44C28 /* TencentOpenAPI.framework */ = {isa = PBXFileReference; lastKnownFileType = wrapper.framework; path = TencentOpenAPI.framework; sourceTree = "<group>"; };
		3A625D8E1C852AB900F44C28 /* TencentOpenApi_IOS_Bundle.bundle */ = {isa = PBXFileReference; lastKnownFileType = "wrapper.plug-in"; path = TencentOpenApi_IOS_Bundle.bundle; sourceTree = "<group>"; };
		3A625D901C852AB900F44C28 /* libWeiboSDK.a */ = {isa = PBXFileReference; lastKnownFileType = archive.ar; path = libWeiboSDK.a; sourceTree = "<group>"; };
		3A625D911C852AB900F44C28 /* WBHttpRequest+WeiboGame.h */ = {isa = PBXFileReference; fileEncoding = 4; lastKnownFileType = sourcecode.c.h; path = "WBHttpRequest+WeiboGame.h"; sourceTree = "<group>"; };
		3A625D921C852AB900F44C28 /* WBHttpRequest+WeiboShare.h */ = {isa = PBXFileReference; fileEncoding = 4; lastKnownFileType = sourcecode.c.h; path = "WBHttpRequest+WeiboShare.h"; sourceTree = "<group>"; };
		3A625D931C852AB900F44C28 /* WBHttpRequest+WeiboToken.h */ = {isa = PBXFileReference; fileEncoding = 4; lastKnownFileType = sourcecode.c.h; path = "WBHttpRequest+WeiboToken.h"; sourceTree = "<group>"; };
		3A625D941C852AB900F44C28 /* WBHttpRequest+WeiboUser.h */ = {isa = PBXFileReference; fileEncoding = 4; lastKnownFileType = sourcecode.c.h; path = "WBHttpRequest+WeiboUser.h"; sourceTree = "<group>"; };
		3A625D951C852AB900F44C28 /* WBHttpRequest.h */ = {isa = PBXFileReference; fileEncoding = 4; lastKnownFileType = sourcecode.c.h; path = WBHttpRequest.h; sourceTree = "<group>"; };
		3A625D961C852AB900F44C28 /* WBSDKBasicButton.h */ = {isa = PBXFileReference; fileEncoding = 4; lastKnownFileType = sourcecode.c.h; path = WBSDKBasicButton.h; sourceTree = "<group>"; };
		3A625D971C852AB900F44C28 /* WBSDKCommentButton.h */ = {isa = PBXFileReference; fileEncoding = 4; lastKnownFileType = sourcecode.c.h; path = WBSDKCommentButton.h; sourceTree = "<group>"; };
		3A625D981C852AB900F44C28 /* WBSDKRelationshipButton.h */ = {isa = PBXFileReference; fileEncoding = 4; lastKnownFileType = sourcecode.c.h; path = WBSDKRelationshipButton.h; sourceTree = "<group>"; };
		3A625D991C852AB900F44C28 /* WeiboSDK+Statistics.h */ = {isa = PBXFileReference; fileEncoding = 4; lastKnownFileType = sourcecode.c.h; path = "WeiboSDK+Statistics.h"; sourceTree = "<group>"; };
		3A625D9A1C852AB900F44C28 /* WeiboSDK.bundle */ = {isa = PBXFileReference; lastKnownFileType = "wrapper.plug-in"; path = WeiboSDK.bundle; sourceTree = "<group>"; };
		3A625D9B1C852AB900F44C28 /* WeiboSDK.h */ = {isa = PBXFileReference; fileEncoding = 4; lastKnownFileType = sourcecode.c.h; path = WeiboSDK.h; sourceTree = "<group>"; };
		3A625D9C1C852AB900F44C28 /* WeiboUser.h */ = {isa = PBXFileReference; fileEncoding = 4; lastKnownFileType = sourcecode.c.h; path = WeiboUser.h; sourceTree = "<group>"; };
		3A625D9E1C852AB900F44C28 /* libWeChatSDK.a */ = {isa = PBXFileReference; lastKnownFileType = archive.ar; path = libWeChatSDK.a; sourceTree = "<group>"; };
		3A625D9F1C852AB900F44C28 /* read_me.txt */ = {isa = PBXFileReference; fileEncoding = 4; lastKnownFileType = text; path = read_me.txt; sourceTree = "<group>"; };
		3A625DA01C852AB900F44C28 /* WechatAuthSDK.h */ = {isa = PBXFileReference; fileEncoding = 4; lastKnownFileType = sourcecode.c.h; path = WechatAuthSDK.h; sourceTree = "<group>"; };
		3A625DA11C852AB900F44C28 /* WXApi.h */ = {isa = PBXFileReference; fileEncoding = 4; lastKnownFileType = sourcecode.c.h; path = WXApi.h; sourceTree = "<group>"; };
		3A625DA21C852AB900F44C28 /* WXApiObject.h */ = {isa = PBXFileReference; fileEncoding = 4; lastKnownFileType = sourcecode.c.h; path = WXApiObject.h; sourceTree = "<group>"; };
		3A625DA41C852AB900F44C28 /* MOBFoundation.framework */ = {isa = PBXFileReference; lastKnownFileType = wrapper.framework; path = MOBFoundation.framework; sourceTree = "<group>"; };
		3A625DA51C852AB900F44C28 /* ShareSDK.bundle */ = {isa = PBXFileReference; lastKnownFileType = "wrapper.plug-in"; path = ShareSDK.bundle; sourceTree = "<group>"; };
		3A625DA61C852AB900F44C28 /* ShareSDKConnector.framework */ = {isa = PBXFileReference; lastKnownFileType = wrapper.framework; path = ShareSDKConnector.framework; sourceTree = "<group>"; };
		3A625DB41C8539F500F44C28 /* JavaScriptCore.framework */ = {isa = PBXFileReference; lastKnownFileType = wrapper.framework; name = JavaScriptCore.framework; path = System/Library/Frameworks/JavaScriptCore.framework; sourceTree = SDKROOT; };
		3A718FAF1C5F482B00185B66 /* SCNoteHelper.h */ = {isa = PBXFileReference; fileEncoding = 4; lastKnownFileType = sourcecode.c.h; path = SCNoteHelper.h; sourceTree = "<group>"; };
		3A718FB01C5F482B00185B66 /* SCNoteHelper.m */ = {isa = PBXFileReference; fileEncoding = 4; lastKnownFileType = sourcecode.c.objc; path = SCNoteHelper.m; sourceTree = "<group>"; };
		3A7753DD1C83E19300B68339 /* QuartzCore.framework */ = {isa = PBXFileReference; lastKnownFileType = wrapper.framework; name = QuartzCore.framework; path = System/Library/Frameworks/QuartzCore.framework; sourceTree = SDKROOT; };
		3A7753DF1C83E1A600B68339 /* libicucore.tbd */ = {isa = PBXFileReference; lastKnownFileType = "sourcecode.text-based-dylib-definition"; name = libicucore.tbd; path = usr/lib/libicucore.tbd; sourceTree = SDKROOT; };
		3A7753E11C83E1C900B68339 /* libstdc++.tbd */ = {isa = PBXFileReference; lastKnownFileType = "sourcecode.text-based-dylib-definition"; name = "libstdc++.tbd"; path = "usr/lib/libstdc++.tbd"; sourceTree = SDKROOT; };
		3A7FBB211C856CD000F96313 /* ApiManager+Version.h */ = {isa = PBXFileReference; fileEncoding = 4; lastKnownFileType = sourcecode.c.h; path = "ApiManager+Version.h"; sourceTree = "<group>"; };
		3A7FBB221C856CD000F96313 /* ApiManager+Version.m */ = {isa = PBXFileReference; fileEncoding = 4; lastKnownFileType = sourcecode.c.objc; path = "ApiManager+Version.m"; sourceTree = "<group>"; };
		3A7FE41D1C75AF0A00A76B7E /* NSString+SCString.h */ = {isa = PBXFileReference; fileEncoding = 4; lastKnownFileType = sourcecode.c.h; path = "NSString+SCString.h"; sourceTree = "<group>"; };
		3A7FE41E1C75AF0B00A76B7E /* NSString+SCString.m */ = {isa = PBXFileReference; fileEncoding = 4; lastKnownFileType = sourcecode.c.objc; path = "NSString+SCString.m"; sourceTree = "<group>"; };
		3A897FF61C7563FB00A94366 /* MapViewController.h */ = {isa = PBXFileReference; fileEncoding = 4; lastKnownFileType = sourcecode.c.h; path = MapViewController.h; sourceTree = "<group>"; };
		3A897FF71C7563FB00A94366 /* MapViewController.m */ = {isa = PBXFileReference; fileEncoding = 4; lastKnownFileType = sourcecode.c.objc; path = MapViewController.m; sourceTree = "<group>"; };
		3AA3416A1C59B0F40084F94B /* SCCompareHelper.h */ = {isa = PBXFileReference; fileEncoding = 4; lastKnownFileType = sourcecode.c.h; path = SCCompareHelper.h; sourceTree = "<group>"; };
		3AA3416B1C59B0F40084F94B /* SCCompareHelper.m */ = {isa = PBXFileReference; fileEncoding = 4; lastKnownFileType = sourcecode.c.objc; path = SCCompareHelper.m; sourceTree = "<group>"; };
		3AD193461C7C3D2F00A471F5 /* SCDeviceHelper.h */ = {isa = PBXFileReference; fileEncoding = 4; lastKnownFileType = sourcecode.c.h; path = SCDeviceHelper.h; sourceTree = "<group>"; };
		3AD193471C7C3D2F00A471F5 /* SCDeviceHelper.m */ = {isa = PBXFileReference; fileEncoding = 4; lastKnownFileType = sourcecode.c.objc; path = SCDeviceHelper.m; sourceTree = "<group>"; };
		3AD1934C1C7C4A6700A471F5 /* ClassifyCell.h */ = {isa = PBXFileReference; fileEncoding = 4; lastKnownFileType = sourcecode.c.h; path = ClassifyCell.h; sourceTree = "<group>"; };
		3AD1934D1C7C4A6700A471F5 /* ClassifyCell.m */ = {isa = PBXFileReference; fileEncoding = 4; lastKnownFileType = sourcecode.c.objc; path = ClassifyCell.m; sourceTree = "<group>"; };
		3AD1934F1C7C4C5C00A471F5 /* OverViewController.h */ = {isa = PBXFileReference; fileEncoding = 4; lastKnownFileType = sourcecode.c.h; path = OverViewController.h; sourceTree = "<group>"; };
		3AD193501C7C4C5C00A471F5 /* OverViewController.m */ = {isa = PBXFileReference; fileEncoding = 4; lastKnownFileType = sourcecode.c.objc; path = OverViewController.m; sourceTree = "<group>"; };
		3AD193531C7C4F0500A471F5 /* ProfileViewController.h */ = {isa = PBXFileReference; fileEncoding = 4; lastKnownFileType = sourcecode.c.h; path = ProfileViewController.h; sourceTree = "<group>"; };
		3AD193551C7C566C00A471F5 /* OtherViewController.h */ = {isa = PBXFileReference; fileEncoding = 4; lastKnownFileType = sourcecode.c.h; path = OtherViewController.h; sourceTree = "<group>"; };
		3AD193561C7C566C00A471F5 /* OtherViewController.m */ = {isa = PBXFileReference; fileEncoding = 4; lastKnownFileType = sourcecode.c.objc; path = OtherViewController.m; sourceTree = "<group>"; };
		3AE3AFC11C51CC07006D3EA9 /* FileTableViewController.h */ = {isa = PBXFileReference; fileEncoding = 4; lastKnownFileType = sourcecode.c.h; path = FileTableViewController.h; sourceTree = "<group>"; };
		3AE3AFC21C51CC07006D3EA9 /* FileTableViewController.m */ = {isa = PBXFileReference; fileEncoding = 4; lastKnownFileType = sourcecode.c.objc; path = FileTableViewController.m; sourceTree = "<group>"; };
		3AE3AFC41C51CC63006D3EA9 /* FileTableViewCell.h */ = {isa = PBXFileReference; fileEncoding = 4; lastKnownFileType = sourcecode.c.h; path = FileTableViewCell.h; sourceTree = "<group>"; };
		3AE3AFC51C51CC63006D3EA9 /* FileTableViewCell.m */ = {isa = PBXFileReference; fileEncoding = 4; lastKnownFileType = sourcecode.c.objc; path = FileTableViewCell.m; sourceTree = "<group>"; };
		3AE3AFD01C51F5B9006D3EA9 /* LeaderTableViewController.h */ = {isa = PBXFileReference; fileEncoding = 4; lastKnownFileType = sourcecode.c.h; path = LeaderTableViewController.h; sourceTree = "<group>"; };
		3AE3AFD11C51F5B9006D3EA9 /* LeaderTableViewController.m */ = {isa = PBXFileReference; fileEncoding = 4; lastKnownFileType = sourcecode.c.objc; path = LeaderTableViewController.m; sourceTree = "<group>"; };
		3AE3AFD31C51F63D006D3EA9 /* LeaderTableViewCell.h */ = {isa = PBXFileReference; fileEncoding = 4; lastKnownFileType = sourcecode.c.h; path = LeaderTableViewCell.h; sourceTree = "<group>"; };
		3AE3AFD41C51F63D006D3EA9 /* LeaderTableViewCell.m */ = {isa = PBXFileReference; fileEncoding = 4; lastKnownFileType = sourcecode.c.objc; path = LeaderTableViewCell.m; sourceTree = "<group>"; };
		3AE3AFD71C5200FE006D3EA9 /* PictureTableViewController.h */ = {isa = PBXFileReference; fileEncoding = 4; lastKnownFileType = sourcecode.c.h; path = PictureTableViewController.h; sourceTree = "<group>"; };
		3AE3AFD81C5200FE006D3EA9 /* PictureTableViewController.m */ = {isa = PBXFileReference; fileEncoding = 4; lastKnownFileType = sourcecode.c.objc; path = PictureTableViewController.m; sourceTree = "<group>"; };
		3AE3AFDB1C5211DA006D3EA9 /* ServiceViewController.h */ = {isa = PBXFileReference; fileEncoding = 4; lastKnownFileType = sourcecode.c.h; path = ServiceViewController.h; sourceTree = "<group>"; };
		3AE3AFDC1C5211DA006D3EA9 /* ServiceViewController.m */ = {isa = PBXFileReference; fileEncoding = 4; lastKnownFileType = sourcecode.c.objc; path = ServiceViewController.m; sourceTree = "<group>"; };
		3AF124B11C7BF96900314784 /* libz.tbd */ = {isa = PBXFileReference; lastKnownFileType = "sourcecode.text-based-dylib-definition"; name = libz.tbd; path = usr/lib/libz.tbd; sourceTree = SDKROOT; };
		3AF124B31C7BF97600314784 /* libsqlite3.tbd */ = {isa = PBXFileReference; lastKnownFileType = "sourcecode.text-based-dylib-definition"; name = libsqlite3.tbd; path = usr/lib/libsqlite3.tbd; sourceTree = SDKROOT; };
		3AF124B51C7BF98900314784 /* CFNetwork.framework */ = {isa = PBXFileReference; lastKnownFileType = wrapper.framework; name = CFNetwork.framework; path = System/Library/Frameworks/CFNetwork.framework; sourceTree = SDKROOT; };
		3AF124B71C7BF99900314784 /* SystemConfiguration.framework */ = {isa = PBXFileReference; lastKnownFileType = wrapper.framework; name = SystemConfiguration.framework; path = System/Library/Frameworks/SystemConfiguration.framework; sourceTree = SDKROOT; };
		3AF124B91C7BF9A300314784 /* CoreTelephony.framework */ = {isa = PBXFileReference; lastKnownFileType = wrapper.framework; name = CoreTelephony.framework; path = System/Library/Frameworks/CoreTelephony.framework; sourceTree = SDKROOT; };
		3AF124BB1C7BF9AC00314784 /* AVFoundation.framework */ = {isa = PBXFileReference; lastKnownFileType = wrapper.framework; name = AVFoundation.framework; path = System/Library/Frameworks/AVFoundation.framework; sourceTree = SDKROOT; };
		3AF124BD1C7BF9B300314784 /* CoreLocation.framework */ = {isa = PBXFileReference; lastKnownFileType = wrapper.framework; name = CoreLocation.framework; path = System/Library/Frameworks/CoreLocation.framework; sourceTree = SDKROOT; };
		3AF124BF1C7BF9BB00314784 /* CoreBluetooth.framework */ = {isa = PBXFileReference; lastKnownFileType = wrapper.framework; name = CoreBluetooth.framework; path = System/Library/Frameworks/CoreBluetooth.framework; sourceTree = SDKROOT; };
		3AFFE30A1C50691900FB6F84 /* zgsc.app */ = {isa = PBXFileReference; explicitFileType = wrapper.application; includeInIndex = 0; path = zgsc.app; sourceTree = BUILT_PRODUCTS_DIR; };
		3AFFE30E1C50691900FB6F84 /* main.m */ = {isa = PBXFileReference; lastKnownFileType = sourcecode.c.objc; path = main.m; sourceTree = "<group>"; };
		3AFFE3101C50691900FB6F84 /* AppDelegate.h */ = {isa = PBXFileReference; lastKnownFileType = sourcecode.c.h; path = AppDelegate.h; sourceTree = "<group>"; };
		3AFFE3111C50691900FB6F84 /* AppDelegate.m */ = {isa = PBXFileReference; lastKnownFileType = sourcecode.c.objc; path = AppDelegate.m; sourceTree = "<group>"; };
		3AFFE3171C50691900FB6F84 /* Base */ = {isa = PBXFileReference; lastKnownFileType = file.storyboard; name = Base; path = Base.lproj/Main.storyboard; sourceTree = "<group>"; };
		3AFFE3191C50691900FB6F84 /* Assets.xcassets */ = {isa = PBXFileReference; lastKnownFileType = folder.assetcatalog; path = Assets.xcassets; sourceTree = "<group>"; };
		3AFFE31C1C50691900FB6F84 /* Base */ = {isa = PBXFileReference; lastKnownFileType = file.storyboard; name = Base; path = Base.lproj/LaunchScreen.storyboard; sourceTree = "<group>"; };
		3AFFE31E1C50691900FB6F84 /* Info.plist */ = {isa = PBXFileReference; lastKnownFileType = text.plist.xml; path = Info.plist; sourceTree = "<group>"; };
		3AFFE3231C50691900FB6F84 /* sichuanTests.xctest */ = {isa = PBXFileReference; explicitFileType = wrapper.cfbundle; includeInIndex = 0; path = sichuanTests.xctest; sourceTree = BUILT_PRODUCTS_DIR; };
		3AFFE3271C50691900FB6F84 /* sichuanTests.m */ = {isa = PBXFileReference; lastKnownFileType = sourcecode.c.objc; path = sichuanTests.m; sourceTree = "<group>"; };
		3AFFE3291C50691900FB6F84 /* Info.plist */ = {isa = PBXFileReference; lastKnownFileType = text.plist.xml; path = Info.plist; sourceTree = "<group>"; };
		3AFFE32E1C50691900FB6F84 /* sichuanUITests.xctest */ = {isa = PBXFileReference; explicitFileType = wrapper.cfbundle; includeInIndex = 0; path = sichuanUITests.xctest; sourceTree = BUILT_PRODUCTS_DIR; };
		3AFFE3321C50691900FB6F84 /* sichuanUITests.m */ = {isa = PBXFileReference; lastKnownFileType = sourcecode.c.objc; path = sichuanUITests.m; sourceTree = "<group>"; };
		3AFFE3341C50691900FB6F84 /* Info.plist */ = {isa = PBXFileReference; lastKnownFileType = text.plist.xml; path = Info.plist; sourceTree = "<group>"; };
		3AFFE3401C50710500FB6F84 /* RootViewController.h */ = {isa = PBXFileReference; fileEncoding = 4; lastKnownFileType = sourcecode.c.h; path = RootViewController.h; sourceTree = "<group>"; };
		3AFFE3411C50710500FB6F84 /* RootViewController.m */ = {isa = PBXFileReference; fileEncoding = 4; lastKnownFileType = sourcecode.c.objc; path = RootViewController.m; sourceTree = "<group>"; };
		3AFFE3431C5074AD00FB6F84 /* ContentViewController.h */ = {isa = PBXFileReference; fileEncoding = 4; lastKnownFileType = sourcecode.c.h; path = ContentViewController.h; sourceTree = "<group>"; };
		3AFFE3441C5074AD00FB6F84 /* ContentViewController.m */ = {isa = PBXFileReference; fileEncoding = 4; lastKnownFileType = sourcecode.c.objc; path = ContentViewController.m; sourceTree = "<group>"; };
		3AFFE34A1C5079C200FB6F84 /* MenuSegment.h */ = {isa = PBXFileReference; fileEncoding = 4; lastKnownFileType = sourcecode.c.h; path = MenuSegment.h; sourceTree = "<group>"; };
		3AFFE34B1C5079C200FB6F84 /* MenuSegment.m */ = {isa = PBXFileReference; fileEncoding = 4; lastKnownFileType = sourcecode.c.objc; path = MenuSegment.m; sourceTree = "<group>"; };
		3AFFE34D1C50B1ED00FB6F84 /* FocusTableViewController.h */ = {isa = PBXFileReference; fileEncoding = 4; lastKnownFileType = sourcecode.c.h; path = FocusTableViewController.h; sourceTree = "<group>"; };
		3AFFE34E1C50B1ED00FB6F84 /* FocusTableViewController.m */ = {isa = PBXFileReference; fileEncoding = 4; lastKnownFileType = sourcecode.c.objc; path = FocusTableViewController.m; sourceTree = "<group>"; };
		3AFFE3501C50B70E00FB6F84 /* BlodTableViewCell.h */ = {isa = PBXFileReference; fileEncoding = 4; lastKnownFileType = sourcecode.c.h; path = BlodTableViewCell.h; sourceTree = "<group>"; };
		3AFFE3511C50B70E00FB6F84 /* BlodTableViewCell.m */ = {isa = PBXFileReference; fileEncoding = 4; lastKnownFileType = sourcecode.c.objc; path = BlodTableViewCell.m; sourceTree = "<group>"; };
		3AFFE3531C50B8B700FB6F84 /* ContentTableViewCell.h */ = {isa = PBXFileReference; fileEncoding = 4; lastKnownFileType = sourcecode.c.h; path = ContentTableViewCell.h; sourceTree = "<group>"; };
		3AFFE3541C50B8B700FB6F84 /* ContentTableViewCell.m */ = {isa = PBXFileReference; fileEncoding = 4; lastKnownFileType = sourcecode.c.objc; path = ContentTableViewCell.m; sourceTree = "<group>"; };
		3AFFE35C1C50DF4E00FB6F84 /* Information.plist */ = {isa = PBXFileReference; fileEncoding = 4; lastKnownFileType = text.plist.xml; path = Information.plist; sourceTree = "<group>"; };
		5F3E91B6DCBC996034B50FAB /* Pods.release.xcconfig */ = {isa = PBXFileReference; includeInIndex = 1; lastKnownFileType = text.xcconfig; name = Pods.release.xcconfig; path = "Pods/Target Support Files/Pods/Pods.release.xcconfig"; sourceTree = "<group>"; };
		D61FF88533DFCF0B75D7B55C /* Pods.debug.xcconfig */ = {isa = PBXFileReference; includeInIndex = 1; lastKnownFileType = text.xcconfig; name = Pods.debug.xcconfig; path = "Pods/Target Support Files/Pods/Pods.debug.xcconfig"; sourceTree = "<group>"; };
		DB0F460A5A3087D2C05255D7 /* libPods.a */ = {isa = PBXFileReference; explicitFileType = archive.ar; includeInIndex = 0; path = libPods.a; sourceTree = BUILT_PRODUCTS_DIR; };
/* End PBXFileReference section */

/* Begin PBXFrameworksBuildPhase section */
		3AFFE3071C50691900FB6F84 /* Frameworks */ = {
			isa = PBXFrameworksBuildPhase;
			buildActionMask = 2147483647;
			files = (
				3A625DB51C8539F500F44C28 /* JavaScriptCore.framework in Frameworks */,
				3A625DAF1C852AB900F44C28 /* libWeChatSDK.a in Frameworks */,
				3A625DAA1C852AB900F44C28 /* ShareSDKUI.framework in Frameworks */,
				3A625DAB1C852AB900F44C28 /* TencentOpenAPI.framework in Frameworks */,
				3A625D831C85280500F44C28 /* CoreText.framework in Frameworks */,
				3A625D811C8527E300F44C28 /* libz.1.2.5.tbd in Frameworks */,
				3A625D7F1C8527D800F44C28 /* Security.framework in Frameworks */,
				3A7753E31C83E1D800B68339 /* libsqlite3.tbd in Frameworks */,
				3A625DB31C852AB900F44C28 /* ShareSDKConnector.framework in Frameworks */,
				3A7753E21C83E1C900B68339 /* libstdc++.tbd in Frameworks */,
				3A7753E01C83E1A600B68339 /* libicucore.tbd in Frameworks */,
				3A625DAD1C852AB900F44C28 /* libWeiboSDK.a in Frameworks */,
				3A625DA71C852AB900F44C28 /* ShareSDK.framework in Frameworks */,
				3A625DA81C852AB900F44C28 /* ShareSDKExtension.framework in Frameworks */,
				3A625DB11C852AB900F44C28 /* MOBFoundation.framework in Frameworks */,
				3A7753DE1C83E19300B68339 /* QuartzCore.framework in Frameworks */,
				38EFE439EDD699DEBDEAF6DD /* libPods.a in Frameworks */,
			);
			runOnlyForDeploymentPostprocessing = 0;
		};
		3AFFE3201C50691900FB6F84 /* Frameworks */ = {
			isa = PBXFrameworksBuildPhase;
			buildActionMask = 2147483647;
			files = (
			);
			runOnlyForDeploymentPostprocessing = 0;
		};
		3AFFE32B1C50691900FB6F84 /* Frameworks */ = {
			isa = PBXFrameworksBuildPhase;
			buildActionMask = 2147483647;
			files = (
			);
			runOnlyForDeploymentPostprocessing = 0;
		};
/* End PBXFrameworksBuildPhase section */

/* Begin PBXGroup section */
		0BA10035CD6E72CB2879D7C8 /* Frameworks */ = {
			isa = PBXGroup;
			children = (
				3A625DB41C8539F500F44C28 /* JavaScriptCore.framework */,
				3A625D821C85280500F44C28 /* CoreText.framework */,
				3A625D801C8527E300F44C28 /* libz.1.2.5.tbd */,
				3A625D7E1C8527D700F44C28 /* Security.framework */,
				3A7753E11C83E1C900B68339 /* libstdc++.tbd */,
				3A7753DF1C83E1A600B68339 /* libicucore.tbd */,
				3A7753DD1C83E19300B68339 /* QuartzCore.framework */,
				3AF124BF1C7BF9BB00314784 /* CoreBluetooth.framework */,
				3AF124BD1C7BF9B300314784 /* CoreLocation.framework */,
				3AF124BB1C7BF9AC00314784 /* AVFoundation.framework */,
				3AF124B91C7BF9A300314784 /* CoreTelephony.framework */,
				3AF124B71C7BF99900314784 /* SystemConfiguration.framework */,
				3AF124B51C7BF98900314784 /* CFNetwork.framework */,
				3AF124B31C7BF97600314784 /* libsqlite3.tbd */,
				3AF124B11C7BF96900314784 /* libz.tbd */,
				DB0F460A5A3087D2C05255D7 /* libPods.a */,
			);
			name = Frameworks;
			sourceTree = "<group>";
		};
		3A17A5911C55C31A00E160D0 /* Models */ = {
			isa = PBXGroup;
			children = (
				3A17A5931C55C72600E160D0 /* FoldInfo.h */,
				3A17A5941C55C72600E160D0 /* FoldInfo.m */,
			);
			name = Models;
			sourceTree = "<group>";
		};
		3A17A5921C55C3D500E160D0 /* Utils */ = {
			isa = PBXGroup;
			children = (
				3A3D60521C586FCA00B03D40 /* UIColor+SCColor.h */,
				3A3D60531C586FCA00B03D40 /* UIColor+SCColor.m */,
				3A3D60581C589A9200B03D40 /* ArticlesViewHelper.h */,
				3A3D60591C589A9200B03D40 /* ArticlesViewHelper.m */,
				3A3D605B1C589D4600B03D40 /* SCBackItem.h */,
				3A3D605C1C589D4600B03D40 /* SCBackItem.m */,
				3AA3416A1C59B0F40084F94B /* SCCompareHelper.h */,
				3AA3416B1C59B0F40084F94B /* SCCompareHelper.m */,
				3A718FAF1C5F482B00185B66 /* SCNoteHelper.h */,
				3A718FB01C5F482B00185B66 /* SCNoteHelper.m */,
				3A7FE41D1C75AF0A00A76B7E /* NSString+SCString.h */,
				3A7FE41E1C75AF0B00A76B7E /* NSString+SCString.m */,
				3A050A521C76EE32003D8FE8 /* UIImage+SCImage.h */,
				3A050A531C76EE32003D8FE8 /* UIImage+SCImage.m */,
				3AD193461C7C3D2F00A471F5 /* SCDeviceHelper.h */,
				3AD193471C7C3D2F00A471F5 /* SCDeviceHelper.m */,
				3A327E1A1C87D53F00F025B2 /* SCVersionHelper.h */,
				3A327E1B1C87D53F00F025B2 /* SCVersionHelper.m */,
			);
			name = Utils;
			sourceTree = "<group>";
		};
		3A3D60611C58A22600B03D40 /* NetWorking */ = {
			isa = PBXGroup;
			children = (
				3A3D60761C58A45100B03D40 /* ApiManager.h */,
				3A3D60771C58A45100B03D40 /* ApiManager.m */,
				3A3D607C1C58B0BE00B03D40 /* ApiManager+Focus.h */,
				3A3D607D1C58B0BE00B03D40 /* ApiManager+Focus.m */,
				3A29A75C1C5AF15E005AD06B /* ApiManager+Profile.h */,
				3A29A75D1C5AF15E005AD06B /* ApiManager+Profile.m */,
				3A29A7621C5B3ECD005AD06B /* ApiManager+GovFile.h */,
				3A29A7631C5B3ECD005AD06B /* ApiManager+GovFile.m */,
				3A29A7681C5B584F005AD06B /* ApiManager+GovAffairs.h */,
				3A29A7691C5B584F005AD06B /* ApiManager+GovAffairs.m */,
				3A29A7651C5B463C005AD06B /* ApiManager+Leader.h */,
				3A29A7661C5B463C005AD06B /* ApiManager+Leader.m */,
				3A29A75F1C5B10B5005AD06B /* ApiManager+Photo.h */,
				3A29A7601C5B10B5005AD06B /* ApiManager+Photo.m */,
				3A19E91E1C74703B0039A57F /* ApiManager+Service.h */,
				3A19E91F1C74703B0039A57F /* ApiManager+Service.m */,
				3A33A0F81C7D5686009CD02D /* ApiManager+Push.h */,
				3A33A0F91C7D5686009CD02D /* ApiManager+Push.m */,
				3A7FBB211C856CD000F96313 /* ApiManager+Version.h */,
				3A7FBB221C856CD000F96313 /* ApiManager+Version.m */,
			);
			name = NetWorking;
			sourceTree = "<group>";
		};
		3A625D7D1C8522E200F44C28 /* Libs */ = {
			isa = PBXGroup;
			children = (
				3A625D841C852AB900F44C28 /* ShareSDK */,
			);
			name = Libs;
			sourceTree = "<group>";
		};
		3A625D841C852AB900F44C28 /* ShareSDK */ = {
			isa = PBXGroup;
			children = (
				3A625D851C852AB900F44C28 /* ShareSDK.framework */,
				3A625D861C852AB900F44C28 /* Support */,
			);
			path = ShareSDK;
			sourceTree = "<group>";
		};
		3A625D861C852AB900F44C28 /* Support */ = {
			isa = PBXGroup;
			children = (
				3A625D871C852AB900F44C28 /* Optional */,
				3A625D8B1C852AB900F44C28 /* PlatformSDK */,
				3A625DA31C852AB900F44C28 /* Required */,
			);
			path = Support;
			sourceTree = "<group>";
		};
		3A625D871C852AB900F44C28 /* Optional */ = {
			isa = PBXGroup;
			children = (
				3A625D881C852AB900F44C28 /* ShareSDKExtension.framework */,
				3A625D891C852AB900F44C28 /* ShareSDKUI.bundle */,
				3A625D8A1C852AB900F44C28 /* ShareSDKUI.framework */,
			);
			path = Optional;
			sourceTree = "<group>";
		};
		3A625D8B1C852AB900F44C28 /* PlatformSDK */ = {
			isa = PBXGroup;
			children = (
				3A625D8C1C852AB900F44C28 /* QQSDK */,
				3A625D8F1C852AB900F44C28 /* SinaWeiboSDK */,
				3A625D9D1C852AB900F44C28 /* WeChatSDK */,
			);
			path = PlatformSDK;
			sourceTree = "<group>";
		};
		3A625D8C1C852AB900F44C28 /* QQSDK */ = {
			isa = PBXGroup;
			children = (
				3A625D8D1C852AB900F44C28 /* TencentOpenAPI.framework */,
				3A625D8E1C852AB900F44C28 /* TencentOpenApi_IOS_Bundle.bundle */,
			);
			path = QQSDK;
			sourceTree = "<group>";
		};
		3A625D8F1C852AB900F44C28 /* SinaWeiboSDK */ = {
			isa = PBXGroup;
			children = (
				3A625D901C852AB900F44C28 /* libWeiboSDK.a */,
				3A625D911C852AB900F44C28 /* WBHttpRequest+WeiboGame.h */,
				3A625D921C852AB900F44C28 /* WBHttpRequest+WeiboShare.h */,
				3A625D931C852AB900F44C28 /* WBHttpRequest+WeiboToken.h */,
				3A625D941C852AB900F44C28 /* WBHttpRequest+WeiboUser.h */,
				3A625D951C852AB900F44C28 /* WBHttpRequest.h */,
				3A625D961C852AB900F44C28 /* WBSDKBasicButton.h */,
				3A625D971C852AB900F44C28 /* WBSDKCommentButton.h */,
				3A625D981C852AB900F44C28 /* WBSDKRelationshipButton.h */,
				3A625D991C852AB900F44C28 /* WeiboSDK+Statistics.h */,
				3A625D9A1C852AB900F44C28 /* WeiboSDK.bundle */,
				3A625D9B1C852AB900F44C28 /* WeiboSDK.h */,
				3A625D9C1C852AB900F44C28 /* WeiboUser.h */,
			);
			path = SinaWeiboSDK;
			sourceTree = "<group>";
		};
		3A625D9D1C852AB900F44C28 /* WeChatSDK */ = {
			isa = PBXGroup;
			children = (
				3A625D9E1C852AB900F44C28 /* libWeChatSDK.a */,
				3A625D9F1C852AB900F44C28 /* read_me.txt */,
				3A625DA01C852AB900F44C28 /* WechatAuthSDK.h */,
				3A625DA11C852AB900F44C28 /* WXApi.h */,
				3A625DA21C852AB900F44C28 /* WXApiObject.h */,
			);
			path = WeChatSDK;
			sourceTree = "<group>";
		};
		3A625DA31C852AB900F44C28 /* Required */ = {
			isa = PBXGroup;
			children = (
				3A625DA41C852AB900F44C28 /* MOBFoundation.framework */,
				3A625DA51C852AB900F44C28 /* ShareSDK.bundle */,
				3A625DA61C852AB900F44C28 /* ShareSDKConnector.framework */,
			);
			path = Required;
			sourceTree = "<group>";
		};
		3AE3AFC01C51CB88006D3EA9 /* ViewControllers */ = {
			isa = PBXGroup;
			children = (
				3AE3AFC71C51D2D9006D3EA9 /* Focus */,
				3AE3AFC91C51D315006D3EA9 /* Profile */,
				3AE3AFCA1C51D333006D3EA9 /* File */,
				3AE3AFCB1C51D534006D3EA9 /* GovAffairs */,
				3AE3AFCF1C51F59D006D3EA9 /* Leader */,
				3AE3AFD61C51FEF4006D3EA9 /* Picture */,
				3AE3AFDA1C521179006D3EA9 /* Service */,
				3AE3AFDE1C522314006D3EA9 /* Other */,
				3AFFE3401C50710500FB6F84 /* RootViewController.h */,
				3AFFE3411C50710500FB6F84 /* RootViewController.m */,
				3AFFE3431C5074AD00FB6F84 /* ContentViewController.h */,
				3AFFE3441C5074AD00FB6F84 /* ContentViewController.m */,
				3A3D60551C5896FD00B03D40 /* ArticlesViewController.h */,
				3A3D60561C5896FD00B03D40 /* ArticlesViewController.m */,
			);
			name = ViewControllers;
			sourceTree = "<group>";
		};
		3AE3AFC71C51D2D9006D3EA9 /* Focus */ = {
			isa = PBXGroup;
			children = (
				3AFFE34D1C50B1ED00FB6F84 /* FocusTableViewController.h */,
				3AFFE34E1C50B1ED00FB6F84 /* FocusTableViewController.m */,
			);
			name = Focus;
			sourceTree = "<group>";
		};
		3AE3AFC91C51D315006D3EA9 /* Profile */ = {
			isa = PBXGroup;
			children = (
				3AD1934F1C7C4C5C00A471F5 /* OverViewController.h */,
				3AD193501C7C4C5C00A471F5 /* OverViewController.m */,
				3AD193531C7C4F0500A471F5 /* ProfileViewController.h */,
				3A2736A71C5610F700AEFDD6 /* ProfileViewController.m */,
				3A2736A91C5613A000AEFDD6 /* ProFoldTableViewController.h */,
				3A2736AA1C5613A000AEFDD6 /* ProFoldTableViewController.m */,
				3A2736AC1C5613CC00AEFDD6 /* ProReportTableViewController.h */,
				3A2736AD1C5613CC00AEFDD6 /* ProReportTableViewController.m */,
			);
			name = Profile;
			sourceTree = "<group>";
		};
		3AE3AFCA1C51D333006D3EA9 /* File */ = {
			isa = PBXGroup;
			children = (
				3AE3AFC11C51CC07006D3EA9 /* FileTableViewController.h */,
				3AE3AFC21C51CC07006D3EA9 /* FileTableViewController.m */,
			);
			name = File;
			sourceTree = "<group>";
		};
		3AE3AFCB1C51D534006D3EA9 /* GovAffairs */ = {
			isa = PBXGroup;
			children = (
				3A33A0F51C7D39F8009CD02D /* GovAffairsViewController.h */,
				3A33A0F61C7D39F8009CD02D /* GovAffairsViewController.m */,
				3A17A5851C55BB1300E160D0 /* OrganizationTableViewController.h */,
				3A17A5861C55BB1300E160D0 /* OrganizationTableViewController.m */,
				3A3D60491C584F3B00B03D40 /* GovInfoTableViewController.h */,
				3A3D604A1C584F3B00B03D40 /* GovInfoTableViewController.m */,
			);
			name = GovAffairs;
			sourceTree = "<group>";
		};
		3AE3AFCF1C51F59D006D3EA9 /* Leader */ = {
			isa = PBXGroup;
			children = (
				3AE3AFD01C51F5B9006D3EA9 /* LeaderTableViewController.h */,
				3AE3AFD11C51F5B9006D3EA9 /* LeaderTableViewController.m */,
				3A3D604C1C5856D300B03D40 /* ActivityTableViewController.h */,
				3A3D604D1C5856D300B03D40 /* ActivityTableViewController.m */,
			);
			name = Leader;
			sourceTree = "<group>";
		};
		3AE3AFD61C51FEF4006D3EA9 /* Picture */ = {
			isa = PBXGroup;
			children = (
				3AE3AFD71C5200FE006D3EA9 /* PictureTableViewController.h */,
				3AE3AFD81C5200FE006D3EA9 /* PictureTableViewController.m */,
			);
			name = Picture;
			sourceTree = "<group>";
		};
		3AE3AFDA1C521179006D3EA9 /* Service */ = {
			isa = PBXGroup;
			children = (
				3AE3AFDB1C5211DA006D3EA9 /* ServiceViewController.h */,
				3AE3AFDC1C5211DA006D3EA9 /* ServiceViewController.m */,
				3A19E9241C7474DB0039A57F /* AddressTableViewController.h */,
				3A19E9251C7474DB0039A57F /* AddressTableViewController.m */,
				3A897FF61C7563FB00A94366 /* MapViewController.h */,
				3A897FF71C7563FB00A94366 /* MapViewController.m */,
			);
			name = Service;
			sourceTree = "<group>";
		};
		3AE3AFDE1C522314006D3EA9 /* Other */ = {
			isa = PBXGroup;
			children = (
				3AD193551C7C566C00A471F5 /* OtherViewController.h */,
				3AD193561C7C566C00A471F5 /* OtherViewController.m */,
			);
			name = Other;
			sourceTree = "<group>";
		};
		3AFFE3011C50691800FB6F84 = {
			isa = PBXGroup;
			children = (
				3AFFE30C1C50691900FB6F84 /* sichuan */,
				3AFFE3261C50691900FB6F84 /* sichuanTests */,
				3AFFE3311C50691900FB6F84 /* sichuanUITests */,
				3AFFE30B1C50691900FB6F84 /* Products */,
				6FCD3528DDF90345F4F81197 /* Pods */,
				0BA10035CD6E72CB2879D7C8 /* Frameworks */,
			);
			sourceTree = "<group>";
		};
		3AFFE30B1C50691900FB6F84 /* Products */ = {
			isa = PBXGroup;
			children = (
				3AFFE30A1C50691900FB6F84 /* zgsc.app */,
				3AFFE3231C50691900FB6F84 /* sichuanTests.xctest */,
				3AFFE32E1C50691900FB6F84 /* sichuanUITests.xctest */,
			);
			name = Products;
			sourceTree = "<group>";
		};
		3AFFE30C1C50691900FB6F84 /* sichuan */ = {
			isa = PBXGroup;
			children = (
				3A625D7D1C8522E200F44C28 /* Libs */,
				3A3D60611C58A22600B03D40 /* NetWorking */,
				3A17A5921C55C3D500E160D0 /* Utils */,
				3A17A5911C55C31A00E160D0 /* Models */,
				3AFFE3461C50788600FB6F84 /* CustomViews */,
				3AE3AFC01C51CB88006D3EA9 /* ViewControllers */,
				3AFFE3101C50691900FB6F84 /* AppDelegate.h */,
				3AFFE3111C50691900FB6F84 /* AppDelegate.m */,
				3AFFE3161C50691900FB6F84 /* Main.storyboard */,
				3AFFE3191C50691900FB6F84 /* Assets.xcassets */,
				3AFFE31B1C50691900FB6F84 /* LaunchScreen.storyboard */,
				3AFFE31E1C50691900FB6F84 /* Info.plist */,
				3AFFE35C1C50DF4E00FB6F84 /* Information.plist */,
				3AFFE30D1C50691900FB6F84 /* Supporting Files */,
			);
			path = sichuan;
			sourceTree = "<group>";
		};
		3AFFE30D1C50691900FB6F84 /* Supporting Files */ = {
			isa = PBXGroup;
			children = (
				3AFFE30E1C50691900FB6F84 /* main.m */,
			);
			name = "Supporting Files";
			sourceTree = "<group>";
		};
		3AFFE3261C50691900FB6F84 /* sichuanTests */ = {
			isa = PBXGroup;
			children = (
				3AFFE3271C50691900FB6F84 /* sichuanTests.m */,
				3AFFE3291C50691900FB6F84 /* Info.plist */,
			);
			path = sichuanTests;
			sourceTree = "<group>";
		};
		3AFFE3311C50691900FB6F84 /* sichuanUITests */ = {
			isa = PBXGroup;
			children = (
				3AFFE3321C50691900FB6F84 /* sichuanUITests.m */,
				3AFFE3341C50691900FB6F84 /* Info.plist */,
			);
			path = sichuanUITests;
			sourceTree = "<group>";
		};
		3AFFE3461C50788600FB6F84 /* CustomViews */ = {
			isa = PBXGroup;
			children = (
				3AFFE34A1C5079C200FB6F84 /* MenuSegment.h */,
				3AFFE34B1C5079C200FB6F84 /* MenuSegment.m */,
				3AFFE3501C50B70E00FB6F84 /* BlodTableViewCell.h */,
				3AFFE3511C50B70E00FB6F84 /* BlodTableViewCell.m */,
				3AFFE3531C50B8B700FB6F84 /* ContentTableViewCell.h */,
				3AFFE3541C50B8B700FB6F84 /* ContentTableViewCell.m */,
				3AE3AFC41C51CC63006D3EA9 /* FileTableViewCell.h */,
				3AE3AFC51C51CC63006D3EA9 /* FileTableViewCell.m */,
				3AE3AFD31C51F63D006D3EA9 /* LeaderTableViewCell.h */,
				3AE3AFD41C51F63D006D3EA9 /* LeaderTableViewCell.m */,
				3A17A5881C55BBBE00E160D0 /* FoldTableViewCell.h */,
				3A17A5891C55BBBE00E160D0 /* FoldTableViewCell.m */,
				3A17A58E1C55BF8600E160D0 /* TitleView.h */,
				3A17A58F1C55BF8600E160D0 /* TitleView.m */,
				3A19E92A1C7476B60039A57F /* AddressTableViewCell.h */,
				3A19E92B1C7476B60039A57F /* AddressTableViewCell.m */,
				3AD1934C1C7C4A6700A471F5 /* ClassifyCell.h */,
				3AD1934D1C7C4A6700A471F5 /* ClassifyCell.m */,
			);
			name = CustomViews;
			sourceTree = "<group>";
		};
		6FCD3528DDF90345F4F81197 /* Pods */ = {
			isa = PBXGroup;
			children = (
				D61FF88533DFCF0B75D7B55C /* Pods.debug.xcconfig */,
				5F3E91B6DCBC996034B50FAB /* Pods.release.xcconfig */,
			);
			name = Pods;
			sourceTree = "<group>";
		};
/* End PBXGroup section */

/* Begin PBXNativeTarget section */
		3AFFE3091C50691900FB6F84 /* sichuan */ = {
			isa = PBXNativeTarget;
			buildConfigurationList = 3AFFE3371C50691900FB6F84 /* Build configuration list for PBXNativeTarget "sichuan" */;
			buildPhases = (
				ACA6D680AEA3E7B8F6EC1C60 /* Check Pods Manifest.lock */,
				3AFFE3061C50691900FB6F84 /* Sources */,
				3AFFE3071C50691900FB6F84 /* Frameworks */,
				3AFFE3081C50691900FB6F84 /* Resources */,
				FD2844D6151E286C67DB8070 /* Embed Pods Frameworks */,
				7C3F8CF7EBEA14EBE4C7A15F /* Copy Pods Resources */,
			);
			buildRules = (
			);
			dependencies = (
			);
			name = sichuan;
			productName = sichuan;
			productReference = 3AFFE30A1C50691900FB6F84 /* zgsc.app */;
			productType = "com.apple.product-type.application";
		};
		3AFFE3221C50691900FB6F84 /* sichuanTests */ = {
			isa = PBXNativeTarget;
			buildConfigurationList = 3AFFE33A1C50691900FB6F84 /* Build configuration list for PBXNativeTarget "sichuanTests" */;
			buildPhases = (
				3AFFE31F1C50691900FB6F84 /* Sources */,
				3AFFE3201C50691900FB6F84 /* Frameworks */,
				3AFFE3211C50691900FB6F84 /* Resources */,
			);
			buildRules = (
			);
			dependencies = (
				3AFFE3251C50691900FB6F84 /* PBXTargetDependency */,
			);
			name = sichuanTests;
			productName = sichuanTests;
			productReference = 3AFFE3231C50691900FB6F84 /* sichuanTests.xctest */;
			productType = "com.apple.product-type.bundle.unit-test";
		};
		3AFFE32D1C50691900FB6F84 /* sichuanUITests */ = {
			isa = PBXNativeTarget;
			buildConfigurationList = 3AFFE33D1C50691900FB6F84 /* Build configuration list for PBXNativeTarget "sichuanUITests" */;
			buildPhases = (
				3AFFE32A1C50691900FB6F84 /* Sources */,
				3AFFE32B1C50691900FB6F84 /* Frameworks */,
				3AFFE32C1C50691900FB6F84 /* Resources */,
			);
			buildRules = (
			);
			dependencies = (
				3AFFE3301C50691900FB6F84 /* PBXTargetDependency */,
			);
			name = sichuanUITests;
			productName = sichuanUITests;
			productReference = 3AFFE32E1C50691900FB6F84 /* sichuanUITests.xctest */;
			productType = "com.apple.product-type.bundle.ui-testing";
		};
/* End PBXNativeTarget section */

/* Begin PBXProject section */
		3AFFE3021C50691800FB6F84 /* Project object */ = {
			isa = PBXProject;
			attributes = {
				LastUpgradeCheck = 0720;
				ORGANIZATIONNAME = L.l;
				TargetAttributes = {
					3AFFE3091C50691900FB6F84 = {
						CreatedOnToolsVersion = 7.2;
						DevelopmentTeam = RVBPJ9SQ5Q;
					};
					3AFFE3221C50691900FB6F84 = {
						CreatedOnToolsVersion = 7.2;
						TestTargetID = 3AFFE3091C50691900FB6F84;
					};
					3AFFE32D1C50691900FB6F84 = {
						CreatedOnToolsVersion = 7.2;
						TestTargetID = 3AFFE3091C50691900FB6F84;
					};
				};
			};
			buildConfigurationList = 3AFFE3051C50691800FB6F84 /* Build configuration list for PBXProject "sichuan" */;
			compatibilityVersion = "Xcode 3.2";
			developmentRegion = English;
			hasScannedForEncodings = 0;
			knownRegions = (
				en,
				Base,
			);
			mainGroup = 3AFFE3011C50691800FB6F84;
			productRefGroup = 3AFFE30B1C50691900FB6F84 /* Products */;
			projectDirPath = "";
			projectRoot = "";
			targets = (
				3AFFE3091C50691900FB6F84 /* sichuan */,
				3AFFE3221C50691900FB6F84 /* sichuanTests */,
				3AFFE32D1C50691900FB6F84 /* sichuanUITests */,
			);
		};
/* End PBXProject section */

/* Begin PBXResourcesBuildPhase section */
		3AFFE3081C50691900FB6F84 /* Resources */ = {
			isa = PBXResourcesBuildPhase;
			buildActionMask = 2147483647;
			files = (
				3A625DAC1C852AB900F44C28 /* TencentOpenApi_IOS_Bundle.bundle in Resources */,
				3AFFE31D1C50691900FB6F84 /* LaunchScreen.storyboard in Resources */,
				3AFFE35D1C50DF4E00FB6F84 /* Information.plist in Resources */,
				3A625DA91C852AB900F44C28 /* ShareSDKUI.bundle in Resources */,
				3A625DAE1C852AB900F44C28 /* WeiboSDK.bundle in Resources */,
				3AFFE31A1C50691900FB6F84 /* Assets.xcassets in Resources */,
				3A625DB01C852AB900F44C28 /* read_me.txt in Resources */,
				3A625DB21C852AB900F44C28 /* ShareSDK.bundle in Resources */,
				3AFFE3181C50691900FB6F84 /* Main.storyboard in Resources */,
			);
			runOnlyForDeploymentPostprocessing = 0;
		};
		3AFFE3211C50691900FB6F84 /* Resources */ = {
			isa = PBXResourcesBuildPhase;
			buildActionMask = 2147483647;
			files = (
			);
			runOnlyForDeploymentPostprocessing = 0;
		};
		3AFFE32C1C50691900FB6F84 /* Resources */ = {
			isa = PBXResourcesBuildPhase;
			buildActionMask = 2147483647;
			files = (
			);
			runOnlyForDeploymentPostprocessing = 0;
		};
/* End PBXResourcesBuildPhase section */

/* Begin PBXShellScriptBuildPhase section */
		7C3F8CF7EBEA14EBE4C7A15F /* Copy Pods Resources */ = {
			isa = PBXShellScriptBuildPhase;
			buildActionMask = 2147483647;
			files = (
			);
			inputPaths = (
			);
			name = "Copy Pods Resources";
			outputPaths = (
			);
			runOnlyForDeploymentPostprocessing = 0;
			shellPath = /bin/sh;
			shellScript = "\"${SRCROOT}/Pods/Target Support Files/Pods/Pods-resources.sh\"\n";
			showEnvVarsInLog = 0;
		};
		ACA6D680AEA3E7B8F6EC1C60 /* Check Pods Manifest.lock */ = {
			isa = PBXShellScriptBuildPhase;
			buildActionMask = 2147483647;
			files = (
			);
			inputPaths = (
			);
			name = "Check Pods Manifest.lock";
			outputPaths = (
			);
			runOnlyForDeploymentPostprocessing = 0;
			shellPath = /bin/sh;
			shellScript = "diff \"${PODS_ROOT}/../Podfile.lock\" \"${PODS_ROOT}/Manifest.lock\" > /dev/null\nif [[ $? != 0 ]] ; then\n    cat << EOM\nerror: The sandbox is not in sync with the Podfile.lock. Run 'pod install' or update your CocoaPods installation.\nEOM\n    exit 1\nfi\n";
			showEnvVarsInLog = 0;
		};
		FD2844D6151E286C67DB8070 /* Embed Pods Frameworks */ = {
			isa = PBXShellScriptBuildPhase;
			buildActionMask = 2147483647;
			files = (
			);
			inputPaths = (
			);
			name = "Embed Pods Frameworks";
			outputPaths = (
			);
			runOnlyForDeploymentPostprocessing = 0;
			shellPath = /bin/sh;
			shellScript = "\"${SRCROOT}/Pods/Target Support Files/Pods/Pods-frameworks.sh\"\n";
			showEnvVarsInLog = 0;
		};
/* End PBXShellScriptBuildPhase section */

/* Begin PBXSourcesBuildPhase section */
		3AFFE3061C50691900FB6F84 /* Sources */ = {
			isa = PBXSourcesBuildPhase;
			buildActionMask = 2147483647;
			files = (
				3AFFE3451C5074AD00FB6F84 /* ContentViewController.m in Sources */,
				3AD193481C7C3D2F00A471F5 /* SCDeviceHelper.m in Sources */,
				3A29A7611C5B10B5005AD06B /* ApiManager+Photo.m in Sources */,
				3A3D605D1C589D4600B03D40 /* SCBackItem.m in Sources */,
				3A29A76A1C5B584F005AD06B /* ApiManager+GovAffairs.m in Sources */,
				3AFFE3521C50B70E00FB6F84 /* BlodTableViewCell.m in Sources */,
				3AE3AFD51C51F63D006D3EA9 /* LeaderTableViewCell.m in Sources */,
				3A3D604B1C584F3B00B03D40 /* GovInfoTableViewController.m in Sources */,
				3A3D60571C5896FD00B03D40 /* ArticlesViewController.m in Sources */,
				3A17A5951C55C72600E160D0 /* FoldInfo.m in Sources */,
				3AD1934E1C7C4A6700A471F5 /* ClassifyCell.m in Sources */,
				3A050A541C76EE32003D8FE8 /* UIImage+SCImage.m in Sources */,
				3AFFE34C1C5079C200FB6F84 /* MenuSegment.m in Sources */,
				3AE3AFD21C51F5B9006D3EA9 /* LeaderTableViewController.m in Sources */,
				3A29A7641C5B3ECD005AD06B /* ApiManager+GovFile.m in Sources */,
				3A3D605A1C589A9200B03D40 /* ArticlesViewHelper.m in Sources */,
				3A17A5871C55BB1300E160D0 /* OrganizationTableViewController.m in Sources */,
				3A718FB11C5F482B00185B66 /* SCNoteHelper.m in Sources */,
				3AE3AFC31C51CC07006D3EA9 /* FileTableViewController.m in Sources */,
				3AFFE34F1C50B1ED00FB6F84 /* FocusTableViewController.m in Sources */,
				3A3D60781C58A45100B03D40 /* ApiManager.m in Sources */,
				3AE3AFD91C5200FE006D3EA9 /* PictureTableViewController.m in Sources */,
				3A897FF81C7563FB00A94366 /* MapViewController.m in Sources */,
				3AD193511C7C4C5C00A471F5 /* OverViewController.m in Sources */,
				3A17A5901C55BF8600E160D0 /* TitleView.m in Sources */,
				3A3D604E1C5856D300B03D40 /* ActivityTableViewController.m in Sources */,
				3A19E92C1C7476B60039A57F /* AddressTableViewCell.m in Sources */,
				3A3D607E1C58B0BE00B03D40 /* ApiManager+Focus.m in Sources */,
				3A29A75E1C5AF15E005AD06B /* ApiManager+Profile.m in Sources */,
				3AA3416C1C59B0F40084F94B /* SCCompareHelper.m in Sources */,
				3A7FBB231C856CD000F96313 /* ApiManager+Version.m in Sources */,
				3AFFE3121C50691900FB6F84 /* AppDelegate.m in Sources */,
				3A327E1C1C87D53F00F025B2 /* SCVersionHelper.m in Sources */,
				3AD193571C7C566C00A471F5 /* OtherViewController.m in Sources */,
				3A19E9201C74703B0039A57F /* ApiManager+Service.m in Sources */,
				3A2736A81C5610F700AEFDD6 /* ProfileViewController.m in Sources */,
				3A2736AE1C5613CC00AEFDD6 /* ProReportTableViewController.m in Sources */,
				3A7FE41F1C75AF0B00A76B7E /* NSString+SCString.m in Sources */,
				3A19E9261C7474DB0039A57F /* AddressTableViewController.m in Sources */,
				3AE3AFDD1C5211DA006D3EA9 /* ServiceViewController.m in Sources */,
				3AFFE30F1C50691900FB6F84 /* main.m in Sources */,
				3A17A58A1C55BBBE00E160D0 /* FoldTableViewCell.m in Sources */,
				3AE3AFC61C51CC63006D3EA9 /* FileTableViewCell.m in Sources */,
				3AFFE3421C50710500FB6F84 /* RootViewController.m in Sources */,
				3A29A7671C5B463C005AD06B /* ApiManager+Leader.m in Sources */,
				3A33A0F71C7D39F8009CD02D /* GovAffairsViewController.m in Sources */,
				3A33A0FA1C7D5686009CD02D /* ApiManager+Push.m in Sources */,
				3A3D60541C586FCA00B03D40 /* UIColor+SCColor.m in Sources */,
				3A2736AB1C5613A000AEFDD6 /* ProFoldTableViewController.m in Sources */,
				3AFFE3551C50B8B700FB6F84 /* ContentTableViewCell.m in Sources */,
			);
			runOnlyForDeploymentPostprocessing = 0;
		};
		3AFFE31F1C50691900FB6F84 /* Sources */ = {
			isa = PBXSourcesBuildPhase;
			buildActionMask = 2147483647;
			files = (
				3AFFE3281C50691900FB6F84 /* sichuanTests.m in Sources */,
			);
			runOnlyForDeploymentPostprocessing = 0;
		};
		3AFFE32A1C50691900FB6F84 /* Sources */ = {
			isa = PBXSourcesBuildPhase;
			buildActionMask = 2147483647;
			files = (
				3AFFE3331C50691900FB6F84 /* sichuanUITests.m in Sources */,
			);
			runOnlyForDeploymentPostprocessing = 0;
		};
/* End PBXSourcesBuildPhase section */

/* Begin PBXTargetDependency section */
		3AFFE3251C50691900FB6F84 /* PBXTargetDependency */ = {
			isa = PBXTargetDependency;
			target = 3AFFE3091C50691900FB6F84 /* sichuan */;
			targetProxy = 3AFFE3241C50691900FB6F84 /* PBXContainerItemProxy */;
		};
		3AFFE3301C50691900FB6F84 /* PBXTargetDependency */ = {
			isa = PBXTargetDependency;
			target = 3AFFE3091C50691900FB6F84 /* sichuan */;
			targetProxy = 3AFFE32F1C50691900FB6F84 /* PBXContainerItemProxy */;
		};
/* End PBXTargetDependency section */

/* Begin PBXVariantGroup section */
		3AFFE3161C50691900FB6F84 /* Main.storyboard */ = {
			isa = PBXVariantGroup;
			children = (
				3AFFE3171C50691900FB6F84 /* Base */,
			);
			name = Main.storyboard;
			sourceTree = "<group>";
		};
		3AFFE31B1C50691900FB6F84 /* LaunchScreen.storyboard */ = {
			isa = PBXVariantGroup;
			children = (
				3AFFE31C1C50691900FB6F84 /* Base */,
			);
			name = LaunchScreen.storyboard;
			sourceTree = "<group>";
		};
/* End PBXVariantGroup section */

/* Begin XCBuildConfiguration section */
		3A327E1D1C8812BE00F025B2 /* zgsc */ = {
			isa = XCBuildConfiguration;
			buildSettings = {
				ALWAYS_SEARCH_USER_PATHS = NO;
				CLANG_CXX_LANGUAGE_STANDARD = "gnu++0x";
				CLANG_CXX_LIBRARY = "libc++";
				CLANG_ENABLE_MODULES = YES;
				CLANG_ENABLE_OBJC_ARC = YES;
				CLANG_WARN_BOOL_CONVERSION = YES;
				CLANG_WARN_CONSTANT_CONVERSION = YES;
				CLANG_WARN_DIRECT_OBJC_ISA_USAGE = YES_ERROR;
				CLANG_WARN_EMPTY_BODY = YES;
				CLANG_WARN_ENUM_CONVERSION = YES;
				CLANG_WARN_INT_CONVERSION = YES;
				CLANG_WARN_OBJC_ROOT_CLASS = YES_ERROR;
				CLANG_WARN_UNREACHABLE_CODE = YES;
				CLANG_WARN__DUPLICATE_METHOD_MATCH = YES;
				CODE_SIGN_IDENTITY = "iPhone Developer: Zhihong Mao (877VX5W6B5)";
				"CODE_SIGN_IDENTITY[sdk=iphoneos*]" = "iPhone Developer: Zhihong Mao (877VX5W6B5)";
				COPY_PHASE_STRIP = NO;
				DEBUG_INFORMATION_FORMAT = "dwarf-with-dsym";
				ENABLE_NS_ASSERTIONS = NO;
				ENABLE_STRICT_OBJC_MSGSEND = YES;
				GCC_C_LANGUAGE_STANDARD = gnu99;
				GCC_NO_COMMON_BLOCKS = YES;
				GCC_WARN_64_TO_32_BIT_CONVERSION = YES;
				GCC_WARN_ABOUT_RETURN_TYPE = YES_ERROR;
				GCC_WARN_UNDECLARED_SELECTOR = YES;
				GCC_WARN_UNINITIALIZED_AUTOS = YES_AGGRESSIVE;
				GCC_WARN_UNUSED_FUNCTION = YES;
				GCC_WARN_UNUSED_VARIABLE = YES;
				IPHONEOS_DEPLOYMENT_TARGET = 7.0;
				MTL_ENABLE_DEBUG_INFO = NO;
				ONLY_ACTIVE_ARCH = NO;
				PRODUCT_NAME = "";
				SDKROOT = iphoneos;
				VALIDATE_PRODUCT = YES;
			};
			name = zgsc;
		};
		3A327E1E1C8812BE00F025B2 /* zgsc */ = {
			isa = XCBuildConfiguration;
			baseConfigurationReference = 5F3E91B6DCBC996034B50FAB /* Pods.release.xcconfig */;
			buildSettings = {
				ASSETCATALOG_COMPILER_APPICON_NAME = AppIcon;
				CODE_SIGN_IDENTITY = "iPhone Developer";
				"CODE_SIGN_IDENTITY[sdk=iphoneos*]" = "iPhone Developer";
				ENABLE_BITCODE = NO;
				FRAMEWORK_SEARCH_PATHS = (
					"$(inherited)",
					"$(PROJECT_DIR)/sichuan/ShareSDK",
					"$(PROJECT_DIR)/sichuan/ShareSDK/Support/Optional",
					"$(PROJECT_DIR)/sichuan/ShareSDK/Support/PlatformSDK/QQSDK",
					"$(PROJECT_DIR)/sichuan/ShareSDK/Support/Required",
				);
				INFOPLIST_FILE = sichuan/Info.plist;
				IPHONEOS_DEPLOYMENT_TARGET = 7.0;
				LD_RUNPATH_SEARCH_PATHS = "$(inherited) @executable_path/Frameworks";
				LIBRARY_SEARCH_PATHS = (
					"$(inherited)",
					"$(PROJECT_DIR)/sichuan/ShareSDK/Support/PlatformSDK/SinaWeiboSDK",
					"$(PROJECT_DIR)/sichuan/ShareSDK/Support/PlatformSDK/WeChatSDK",
				);
				OTHER_LDFLAGS = (
					"$(inherited)",
					"-ObjC",
					"-l\"AFNetworking\"",
					"-l\"GeTuiSdk-1.3.2\"",
					"-l\"MJRefresh\"",
					"-l\"RMUniversalAlert\"",
					"-l\"SDWebImage\"",
					"-l\"UIActionSheet+Blocks\"",
					"-l\"UIAlertController+Blocks\"",
					"-l\"UIAlertView+Blocks\"",
					"-l\"sqlite3.0\"",
					"-l\"stdc++.6.0.9\"",
					"-l\"z\"",
					"-framework",
					"\"AVFoundation\"",
					"-framework",
					"\"BaiduMapAPI_Base\"",
					"-framework",
					"\"BaiduMapAPI_Cloud\"",
					"-framework",
					"\"BaiduMapAPI_Location\"",
					"-framework",
					"\"BaiduMapAPI_Map\"",
					"-framework",
					"\"BaiduMapAPI_Radar\"",
					"-framework",
					"\"BaiduMapAPI_Search\"",
					"-framework",
					"\"BaiduMapAPI_Utils\"",
					"-framework",
					"\"CFNetwork\"",
					"-framework",
					"\"CoreBluetooth\"",
					"-framework",
					"\"CoreGraphics\"",
					"-framework",
					"\"CoreLocation\"",
					"-framework",
					"\"CoreTelephony\"",
					"-framework",
					"\"ImageIO\"",
					"-framework",
					"\"MobileCoreServices\"",
					"-framework",
					"\"OpenGLES\"",
					"-framework",
					"\"QuartzCore\"",
					"-framework",
					"\"Security\"",
					"-framework",
					"\"SystemConfiguration\"",
					"-w",
				);
				PRODUCT_BUNDLE_IDENTIFIER = com.dts.zgsc;
				PRODUCT_NAME = zgsc;
				PROVISIONING_PROFILE = "";
			};
			name = zgsc;
		};
		3A327E1F1C8812BE00F025B2 /* zgsc */ = {
			isa = XCBuildConfiguration;
			buildSettings = {
				BUNDLE_LOADER = "$(TEST_HOST)";
				INFOPLIST_FILE = sichuanTests/Info.plist;
				LD_RUNPATH_SEARCH_PATHS = "$(inherited) @executable_path/Frameworks @loader_path/Frameworks";
				PRODUCT_BUNDLE_IDENTIFIER = L.l.sichuanTests;
				PRODUCT_NAME = "$(TARGET_NAME)";
				TEST_HOST = "$(BUILT_PRODUCTS_DIR)/sichuan.app/sichuan";
			};
			name = zgsc;
		};
		3A327E201C8812BE00F025B2 /* zgsc */ = {
			isa = XCBuildConfiguration;
			buildSettings = {
				INFOPLIST_FILE = sichuanUITests/Info.plist;
				LD_RUNPATH_SEARCH_PATHS = "$(inherited) @executable_path/Frameworks @loader_path/Frameworks";
				PRODUCT_BUNDLE_IDENTIFIER = L.l.sichuanUITests;
				PRODUCT_NAME = "$(TARGET_NAME)";
				TEST_TARGET_NAME = sichuan;
				USES_XCTRUNNER = YES;
			};
			name = zgsc;
		};
		3AFFE3351C50691900FB6F84 /* Debug */ = {
			isa = XCBuildConfiguration;
			buildSettings = {
				ALWAYS_SEARCH_USER_PATHS = NO;
				CLANG_CXX_LANGUAGE_STANDARD = "gnu++0x";
				CLANG_CXX_LIBRARY = "libc++";
				CLANG_ENABLE_MODULES = YES;
				CLANG_ENABLE_OBJC_ARC = YES;
				CLANG_WARN_BOOL_CONVERSION = YES;
				CLANG_WARN_CONSTANT_CONVERSION = YES;
				CLANG_WARN_DIRECT_OBJC_ISA_USAGE = YES_ERROR;
				CLANG_WARN_EMPTY_BODY = YES;
				CLANG_WARN_ENUM_CONVERSION = YES;
				CLANG_WARN_INT_CONVERSION = YES;
				CLANG_WARN_OBJC_ROOT_CLASS = YES_ERROR;
				CLANG_WARN_UNREACHABLE_CODE = YES;
				CLANG_WARN__DUPLICATE_METHOD_MATCH = YES;
				CODE_SIGN_IDENTITY = "iPhone Developer: Zhihong Mao (877VX5W6B5)";
				"CODE_SIGN_IDENTITY[sdk=iphoneos*]" = "iPhone Developer: Zhihong Mao (877VX5W6B5)";
				COPY_PHASE_STRIP = NO;
				DEBUG_INFORMATION_FORMAT = dwarf;
				ENABLE_STRICT_OBJC_MSGSEND = YES;
				ENABLE_TESTABILITY = YES;
				GCC_C_LANGUAGE_STANDARD = gnu99;
				GCC_DYNAMIC_NO_PIC = NO;
				GCC_NO_COMMON_BLOCKS = YES;
				GCC_OPTIMIZATION_LEVEL = 0;
				GCC_PREPROCESSOR_DEFINITIONS = (
					"DEBUG=1",
					"$(inherited)",
				);
				GCC_WARN_64_TO_32_BIT_CONVERSION = YES;
				GCC_WARN_ABOUT_RETURN_TYPE = YES_ERROR;
				GCC_WARN_UNDECLARED_SELECTOR = YES;
				GCC_WARN_UNINITIALIZED_AUTOS = YES_AGGRESSIVE;
				GCC_WARN_UNUSED_FUNCTION = YES;
				GCC_WARN_UNUSED_VARIABLE = YES;
				IPHONEOS_DEPLOYMENT_TARGET = 7.0;
				MTL_ENABLE_DEBUG_INFO = YES;
				ONLY_ACTIVE_ARCH = YES;
				PRODUCT_NAME = "";
				SDKROOT = iphoneos;
			};
			name = Debug;
		};
		3AFFE3361C50691900FB6F84 /* Release */ = {
			isa = XCBuildConfiguration;
			buildSettings = {
				ALWAYS_SEARCH_USER_PATHS = NO;
				CLANG_CXX_LANGUAGE_STANDARD = "gnu++0x";
				CLANG_CXX_LIBRARY = "libc++";
				CLANG_ENABLE_MODULES = YES;
				CLANG_ENABLE_OBJC_ARC = YES;
				CLANG_WARN_BOOL_CONVERSION = YES;
				CLANG_WARN_CONSTANT_CONVERSION = YES;
				CLANG_WARN_DIRECT_OBJC_ISA_USAGE = YES_ERROR;
				CLANG_WARN_EMPTY_BODY = YES;
				CLANG_WARN_ENUM_CONVERSION = YES;
				CLANG_WARN_INT_CONVERSION = YES;
				CLANG_WARN_OBJC_ROOT_CLASS = YES_ERROR;
				CLANG_WARN_UNREACHABLE_CODE = YES;
				CLANG_WARN__DUPLICATE_METHOD_MATCH = YES;
				CODE_SIGN_IDENTITY = "iPhone Developer: Zhihong Mao (877VX5W6B5)";
				"CODE_SIGN_IDENTITY[sdk=iphoneos*]" = "iPhone Developer: Zhihong Mao (877VX5W6B5)";
				COPY_PHASE_STRIP = NO;
				DEBUG_INFORMATION_FORMAT = "dwarf-with-dsym";
				ENABLE_NS_ASSERTIONS = NO;
				ENABLE_STRICT_OBJC_MSGSEND = YES;
				GCC_C_LANGUAGE_STANDARD = gnu99;
				GCC_NO_COMMON_BLOCKS = YES;
				GCC_WARN_64_TO_32_BIT_CONVERSION = YES;
				GCC_WARN_ABOUT_RETURN_TYPE = YES_ERROR;
				GCC_WARN_UNDECLARED_SELECTOR = YES;
				GCC_WARN_UNINITIALIZED_AUTOS = YES_AGGRESSIVE;
				GCC_WARN_UNUSED_FUNCTION = YES;
				GCC_WARN_UNUSED_VARIABLE = YES;
				IPHONEOS_DEPLOYMENT_TARGET = 7.0;
				MTL_ENABLE_DEBUG_INFO = NO;
				ONLY_ACTIVE_ARCH = NO;
				PRODUCT_NAME = "";
				SDKROOT = iphoneos;
				VALIDATE_PRODUCT = YES;
			};
			name = Release;
		};
		3AFFE3381C50691900FB6F84 /* Debug */ = {
			isa = XCBuildConfiguration;
			baseConfigurationReference = D61FF88533DFCF0B75D7B55C /* Pods.debug.xcconfig */;
			buildSettings = {
				ASSETCATALOG_COMPILER_APPICON_NAME = AppIcon;
				CODE_SIGN_IDENTITY = "iPhone Developer";
				"CODE_SIGN_IDENTITY[sdk=iphoneos*]" = "iPhone Developer";
				ENABLE_BITCODE = NO;
				FRAMEWORK_SEARCH_PATHS = (
					"$(inherited)",
					"$(PROJECT_DIR)/sichuan/ShareSDK",
					"$(PROJECT_DIR)/sichuan/ShareSDK/Support/Optional",
					"$(PROJECT_DIR)/sichuan/ShareSDK/Support/PlatformSDK/QQSDK",
					"$(PROJECT_DIR)/sichuan/ShareSDK/Support/Required",
				);
				INFOPLIST_FILE = sichuan/Info.plist;
				IPHONEOS_DEPLOYMENT_TARGET = 7.0;
				LD_RUNPATH_SEARCH_PATHS = "$(inherited) @executable_path/Frameworks";
				LIBRARY_SEARCH_PATHS = (
					"$(inherited)",
					"$(PROJECT_DIR)/sichuan/ShareSDK/Support/PlatformSDK/SinaWeiboSDK",
					"$(PROJECT_DIR)/sichuan/ShareSDK/Support/PlatformSDK/WeChatSDK",
				);
				OTHER_LDFLAGS = (
					"$(inherited)",
					"-ObjC",
					"-l\"AFNetworking\"",
					"-l\"GeTuiSdk-1.3.2\"",
					"-l\"MJRefresh\"",
					"-l\"RMUniversalAlert\"",
					"-l\"SDWebImage\"",
					"-l\"UIActionSheet+Blocks\"",
					"-l\"UIAlertController+Blocks\"",
					"-l\"UIAlertView+Blocks\"",
					"-l\"sqlite3.0\"",
					"-l\"stdc++.6.0.9\"",
					"-l\"z\"",
					"-framework",
					"\"AVFoundation\"",
					"-framework",
					"\"BaiduMapAPI_Base\"",
					"-framework",
					"\"BaiduMapAPI_Cloud\"",
					"-framework",
					"\"BaiduMapAPI_Location\"",
					"-framework",
					"\"BaiduMapAPI_Map\"",
					"-framework",
					"\"BaiduMapAPI_Radar\"",
					"-framework",
					"\"BaiduMapAPI_Search\"",
					"-framework",
					"\"BaiduMapAPI_Utils\"",
					"-framework",
					"\"CFNetwork\"",
					"-framework",
					"\"CoreBluetooth\"",
					"-framework",
					"\"CoreGraphics\"",
					"-framework",
					"\"CoreLocation\"",
					"-framework",
					"\"CoreTelephony\"",
					"-framework",
					"\"ImageIO\"",
					"-framework",
					"\"MobileCoreServices\"",
					"-framework",
					"\"OpenGLES\"",
					"-framework",
					"\"QuartzCore\"",
					"-framework",
					"\"Security\"",
					"-framework",
					"\"SystemConfiguration\"",
					"-w",
				);
				PRODUCT_BUNDLE_IDENTIFIER = com.dts.zgsc;
				PRODUCT_NAME = zgsc;
				PROVISIONING_PROFILE = "";
			};
			name = Debug;
		};
		3AFFE3391C50691900FB6F84 /* Release */ = {
			isa = XCBuildConfiguration;
			baseConfigurationReference = 5F3E91B6DCBC996034B50FAB /* Pods.release.xcconfig */;
			buildSettings = {
				ASSETCATALOG_COMPILER_APPICON_NAME = AppIcon;
				CODE_SIGN_IDENTITY = "iPhone Developer";
				"CODE_SIGN_IDENTITY[sdk=iphoneos*]" = "iPhone Developer";
				ENABLE_BITCODE = NO;
				FRAMEWORK_SEARCH_PATHS = (
					"$(inherited)",
					"$(PROJECT_DIR)/sichuan/ShareSDK",
					"$(PROJECT_DIR)/sichuan/ShareSDK/Support/Optional",
					"$(PROJECT_DIR)/sichuan/ShareSDK/Support/PlatformSDK/QQSDK",
					"$(PROJECT_DIR)/sichuan/ShareSDK/Support/Required",
				);
				INFOPLIST_FILE = sichuan/Info.plist;
				IPHONEOS_DEPLOYMENT_TARGET = 7.0;
				LD_RUNPATH_SEARCH_PATHS = "$(inherited) @executable_path/Frameworks";
				LIBRARY_SEARCH_PATHS = (
					"$(inherited)",
					"$(PROJECT_DIR)/sichuan/ShareSDK/Support/PlatformSDK/SinaWeiboSDK",
					"$(PROJECT_DIR)/sichuan/ShareSDK/Support/PlatformSDK/WeChatSDK",
				);
				OTHER_LDFLAGS = (
					"$(inherited)",
					"-ObjC",
					"-l\"AFNetworking\"",
					"-l\"GeTuiSdk-1.3.2\"",
					"-l\"MJRefresh\"",
					"-l\"RMUniversalAlert\"",
					"-l\"SDWebImage\"",
					"-l\"UIActionSheet+Blocks\"",
					"-l\"UIAlertController+Blocks\"",
					"-l\"UIAlertView+Blocks\"",
					"-l\"sqlite3.0\"",
					"-l\"stdc++.6.0.9\"",
					"-l\"z\"",
					"-framework",
					"\"AVFoundation\"",
					"-framework",
					"\"BaiduMapAPI_Base\"",
					"-framework",
					"\"BaiduMapAPI_Cloud\"",
					"-framework",
					"\"BaiduMapAPI_Location\"",
					"-framework",
					"\"BaiduMapAPI_Map\"",
					"-framework",
					"\"BaiduMapAPI_Radar\"",
					"-framework",
					"\"BaiduMapAPI_Search\"",
					"-framework",
					"\"BaiduMapAPI_Utils\"",
					"-framework",
					"\"CFNetwork\"",
					"-framework",
					"\"CoreBluetooth\"",
					"-framework",
					"\"CoreGraphics\"",
					"-framework",
					"\"CoreLocation\"",
					"-framework",
					"\"CoreTelephony\"",
					"-framework",
					"\"ImageIO\"",
					"-framework",
					"\"MobileCoreServices\"",
					"-framework",
					"\"OpenGLES\"",
					"-framework",
					"\"QuartzCore\"",
					"-framework",
					"\"Security\"",
					"-framework",
					"\"SystemConfiguration\"",
					"-w",
				);
				PRODUCT_BUNDLE_IDENTIFIER = com.dts.zgsc;
				PRODUCT_NAME = zgsc;
				PROVISIONING_PROFILE = "";
			};
			name = Release;
		};
		3AFFE33B1C50691900FB6F84 /* Debug */ = {
			isa = XCBuildConfiguration;
			buildSettings = {
				BUNDLE_LOADER = "$(TEST_HOST)";
				INFOPLIST_FILE = sichuanTests/Info.plist;
				LD_RUNPATH_SEARCH_PATHS = "$(inherited) @executable_path/Frameworks @loader_path/Frameworks";
				PRODUCT_BUNDLE_IDENTIFIER = L.l.sichuanTests;
				PRODUCT_NAME = "$(TARGET_NAME)";
				TEST_HOST = "$(BUILT_PRODUCTS_DIR)/sichuan.app/sichuan";
			};
			name = Debug;
		};
		3AFFE33C1C50691900FB6F84 /* Release */ = {
			isa = XCBuildConfiguration;
			buildSettings = {
				BUNDLE_LOADER = "$(TEST_HOST)";
				INFOPLIST_FILE = sichuanTests/Info.plist;
				LD_RUNPATH_SEARCH_PATHS = "$(inherited) @executable_path/Frameworks @loader_path/Frameworks";
				PRODUCT_BUNDLE_IDENTIFIER = L.l.sichuanTests;
				PRODUCT_NAME = "$(TARGET_NAME)";
				TEST_HOST = "$(BUILT_PRODUCTS_DIR)/sichuan.app/sichuan";
			};
			name = Release;
		};
		3AFFE33E1C50691900FB6F84 /* Debug */ = {
			isa = XCBuildConfiguration;
			buildSettings = {
				INFOPLIST_FILE = sichuanUITests/Info.plist;
				LD_RUNPATH_SEARCH_PATHS = "$(inherited) @executable_path/Frameworks @loader_path/Frameworks";
				PRODUCT_BUNDLE_IDENTIFIER = L.l.sichuanUITests;
				PRODUCT_NAME = "$(TARGET_NAME)";
				TEST_TARGET_NAME = sichuan;
				USES_XCTRUNNER = YES;
			};
			name = Debug;
		};
		3AFFE33F1C50691900FB6F84 /* Release */ = {
			isa = XCBuildConfiguration;
			buildSettings = {
				INFOPLIST_FILE = sichuanUITests/Info.plist;
				LD_RUNPATH_SEARCH_PATHS = "$(inherited) @executable_path/Frameworks @loader_path/Frameworks";
				PRODUCT_BUNDLE_IDENTIFIER = L.l.sichuanUITests;
				PRODUCT_NAME = "$(TARGET_NAME)";
				TEST_TARGET_NAME = sichuan;
				USES_XCTRUNNER = YES;
			};
			name = Release;
		};
/* End XCBuildConfiguration section */

/* Begin XCConfigurationList section */
		3AFFE3051C50691800FB6F84 /* Build configuration list for PBXProject "sichuan" */ = {
			isa = XCConfigurationList;
			buildConfigurations = (
				3AFFE3351C50691900FB6F84 /* Debug */,
				3AFFE3361C50691900FB6F84 /* Release */,
				3A327E1D1C8812BE00F025B2 /* zgsc */,
			);
			defaultConfigurationIsVisible = 0;
			defaultConfigurationName = Release;
		};
		3AFFE3371C50691900FB6F84 /* Build configuration list for PBXNativeTarget "sichuan" */ = {
			isa = XCConfigurationList;
			buildConfigurations = (
				3AFFE3381C50691900FB6F84 /* Debug */,
				3AFFE3391C50691900FB6F84 /* Release */,
				3A327E1E1C8812BE00F025B2 /* zgsc */,
			);
			defaultConfigurationIsVisible = 0;
			defaultConfigurationName = Release;
		};
		3AFFE33A1C50691900FB6F84 /* Build configuration list for PBXNativeTarget "sichuanTests" */ = {
			isa = XCConfigurationList;
			buildConfigurations = (
				3AFFE33B1C50691900FB6F84 /* Debug */,
				3AFFE33C1C50691900FB6F84 /* Release */,
				3A327E1F1C8812BE00F025B2 /* zgsc */,
			);
			defaultConfigurationIsVisible = 0;
			defaultConfigurationName = Release;
		};
		3AFFE33D1C50691900FB6F84 /* Build configuration list for PBXNativeTarget "sichuanUITests" */ = {
			isa = XCConfigurationList;
			buildConfigurations = (
				3AFFE33E1C50691900FB6F84 /* Debug */,
				3AFFE33F1C50691900FB6F84 /* Release */,
				3A327E201C8812BE00F025B2 /* zgsc */,
			);
			defaultConfigurationIsVisible = 0;
			defaultConfigurationName = Release;
		};
/* End XCConfigurationList section */
	};
	rootObject = 3AFFE3021C50691800FB6F84 /* Project object */;
}
